[0m[33mRunning plan in the remote backend. Output will stream here. Pressing Ctrl-C
will stop streaming the logs, but will not stop the plan running remotely.[0m

Preparing the remote plan...
[0m
The remote workspace is configured to work with configuration at
terraform/pii_cleansing relative to the target repository.

Terraform will upload the contents of the following directory,
excluding files or directories as defined by a .terraformignore file
at /Users/carlos.shows/dev/sempra/sdge-it-nla/.terraformignore (if it is present),
in order to capture the filesystem context the remote workspace expects:
    /Users/carlos.shows/dev/sempra/sdge-it-nla

[0m[33mTo view this run in a browser, visit:
https://app.terraform.io/app/SempraUtilities/sdge-dev_sdge-it-nla/runs/run-EihqMLhhUcXYXneT[0m
[0m
Waiting for the plan to start...

Terraform v1.3.2
on linux_amd64
Initializing plugins and modules...
[0m[1mmodule.lambda.module.layers.data.archive_file.ccc_notification_forwarder_lambda_archive: Reading...[0m[0m
[0m[1mmodule.lambda.module.layers.data.archive_file.ccc_macie_scan_trigger_lambda_archive: Reading...[0m[0m
[0m[1mmodule.lambda.module.layers.data.archive_file.ccc_audit_call_lambda_archive: Reading...[0m[0m
[0m[1mmodule.lambda.module.layers.data.archive_file.ccc_macie_lambda_archive: Reading...[0m[0m
[0m[1mmodule.lambda.module.layers.data.archive_file.ccc_notification_forwarder_lambda_archive: Read complete after 0s [id=468755d2ae70550ebb64c2e968e2444e684e9097][0m
[0m[1mmodule.lambda.module.layers.data.archive_file.ccc_macie_scan_trigger_lambda_archive: Read complete after 0s [id=e2207dd2a12e37bf7a10d284963ad48400d00c4f][0m
[0m[1mmodule.lambda.module.layers.data.archive_file.ccc_comprehend_lambda_archive: Reading...[0m[0m
[0m[1mmodule.lambda.module.layers.data.archive_file.ccc_transcribe_lambda_archive: Reading...[0m[0m
[0m[1mmodule.lambda.module.layers.data.archive_file.ccc_informational_macie_lambda: Reading...[0m[0m
[0m[1mmodule.lambda.module.layers.data.archive_file.ccc_audit_call_lambda_archive: Read complete after 0s [id=fa5a6dbbd596e470566c361a1aeba33ea36e75cd][0m
[0m[1mmodule.lambda.module.layers.data.archive_file.ccc_comprehend_lambda_archive: Read complete after 0s [id=1d997ebc581d0ced234ce5d105f4979f4f3f8772][0m
[0m[1mmodule.lambda.module.layers.data.archive_file.ccc_macie_lambda_archive: Read complete after 0s [id=4f9273bff180d00dc9dd329a8b5f23adc42ee84c][0m
[0m[1mmodule.lambda.module.layers.data.archive_file.ccc_transcribe_lambda_archive: Read complete after 0s [id=b194c93a618ba2e2303cf73cfd9f528689a06e3e][0m
[0m[1mmodule.lambda.module.layers.data.archive_file.ccc_informational_macie_lambda: Read complete after 0s [id=6b21699713649f3c1dcbcdbfef132f3414d993ce][0m
[0m[1mmodule.iam.aws_iam_role_policy_attachment.InfoAmazonMacieFullAccess: Refreshing state... [id=sdge-dtdes-dev-wus2-iam-role-nla-macie-info-20230316205022434100000004][0m
[0m[1mmodule.s3.module.ccc_verified_clean_bucket.module.s3-bucket.data.aws_canonical_user_id.this: Reading...[0m[0m
[0m[1mmodule.kms.aws_kms_key.maciefindings_kms_key: Refreshing state... [id=66f5b1d4-85a6-49c8-b37a-57f838c9b299][0m
[0m[1mmodule.s3.module.ccc_maciefindings_bucket.data.aws_elb_service_account.main: Reading...[0m[0m
[0m[1mmodule.s3.module.ccc_maciefindings_bucket.data.aws_elb_service_account.main: Read complete after 0s [id=797873946194][0m
[0m[1mmodule.s3.module.ccc_verified_clean_bucket.module.s3-bucket.data.aws_caller_identity.current: Reading...[0m[0m
[0m[1mmodule.kms.aws_kms_key.verified_clean_kms_key: Refreshing state... [id=551d47b3-97af-415b-ae31-71b6b7bc4cc0][0m
[0m[1mmodule.iam.module.macie_lambda_role.aws_iam_role.default: Refreshing state... [id=sdge-dtdes-dev-wus2-iam-role-nla-macie][0m
[0m[1mmodule.s3.module.ccc_athenaresults_bucket.module.s3-bucket.aws_s3_bucket.this[0]: Refreshing state... [id=sdge-dtdes-dev-wus2-s3-nla-athena-results][0m
[0m[1mmodule.s3.module.ccc_initial_bucket.module.log-bucket.data.aws_caller_identity.current: Reading...[0m[0m
[0m[1mmodule.s3.module.ccc_dirty_bucket.module.s3-hosted-bucket.data.aws_caller_identity.current: Reading...[0m[0m
[0m[1mmodule.s3.module.ccc_verified_clean_bucket.module.log-bucket.data.aws_caller_identity.current: Reading...[0m[0m
[0m[1mmodule.s3.module.ccc_verified_clean_bucket.module.s3-bucket.data.aws_caller_identity.current: Read complete after 0s [id=183095018968][0m
[0m[1mmodule.s3.module.ccc_verified_clean_bucket.module.log-bucket.data.aws_canonical_user_id.this: Reading...[0m[0m
[0m[1mmodule.s3.module.ccc_initial_bucket.module.log-bucket.data.aws_caller_identity.current: Read complete after 0s [id=183095018968][0m
[0m[1mmodule.s3.module.ccc_dirty_bucket.data.aws_elb_service_account.main: Reading...[0m[0m
[0m[1mmodule.s3.module.ccc_dirty_bucket.data.aws_elb_service_account.main: Read complete after 0s [id=797873946194][0m
[0m[1mmodule.s3.module.ccc_dirty_bucket.module.s3-hosted-bucket.data.aws_caller_identity.current: Read complete after 0s [id=183095018968][0m
[0m[1mmodule.s3.module.ccc_piimetadata_bucket.module.s3-bucket.data.aws_caller_identity.current: Reading...[0m[0m
[0m[1mdata.aws_caller_identity.current: Reading...[0m[0m
[0m[1mdata.aws_caller_identity.current: Read complete after 0s [id=183095018968][0m
[0m[1mmodule.s3.module.ccc_maciefindings_bucket.module.s3-bucket.data.aws_canonical_user_id.this: Reading...[0m[0m
[0m[1mmodule.s3.module.ccc_verified_clean_bucket.module.log-bucket.data.aws_caller_identity.current: Read complete after 0s [id=183095018968][0m
[0m[1mmodule.s3.module.ccc_cleaned_bucket.module.s3-bucket.aws_s3_bucket.this[0]: Refreshing state... [id=sdge-dtdes-dev-wus2-s3-nla-cleaned][0m
[0m[1mmodule.iam.module.comprehend_lambda_role.aws_iam_role.default: Refreshing state... [id=sdge-dtdes-dev-wus2-iam-role-nla-comprehend][0m
[0m[1mmodule.s3.module.ccc_piimetadata_bucket.module.s3-bucket.data.aws_caller_identity.current: Read complete after 0s [id=183095018968][0m
[0m[1mmodule.kms.aws_kms_key.piimetadata_kms_key: Refreshing state... [id=c342074a-5cc8-4e35-8c7d-e1036546e40f][0m
[0m[1mmodule.s3.module.ccc_initial_bucket.data.aws_elb_service_account.main: Reading...[0m[0m
[0m[1mmodule.s3.module.ccc_initial_bucket.data.aws_elb_service_account.main: Read complete after 0s [id=797873946194][0m
[0m[1mmodule.s3.module.ccc_piimetadata_bucket.module.s3-bucket.data.aws_canonical_user_id.this: Reading...[0m[0m
[0m[1mmodule.s3.module.ccc_unrefined_call_data_bucket.module.s3-hosted-bucket.data.aws_canonical_user_id.this: Reading...[0m[0m
[0m[1mmodule.s3.module.ccc_verified_clean_bucket.module.s3-bucket.data.aws_canonical_user_id.this: Read complete after 0s [id=347d542cc5670fd1734dcee45d92271a02c4a3208eecf78c93a639979aaaa023][0m
[0m[1mmodule.iam.module.athena_lambda_role.aws_iam_role.default: Refreshing state... [id=sdge-dtdes-dev-wus2-iam-role-nla-athena][0m
[0m[1mmodule.s3.module.ccc_maciefindings_bucket.module.s3-bucket.data.aws_canonical_user_id.this: Read complete after 0s [id=347d542cc5670fd1734dcee45d92271a02c4a3208eecf78c93a639979aaaa023][0m
[0m[1mmodule.s3.module.ccc_initial_bucket.module.s3-hosted-bucket.data.aws_caller_identity.current: Reading...[0m[0m
[0m[1mmodule.s3.module.ccc_unrefined_call_data_bucket.data.aws_elb_service_account.main: Reading...[0m[0m
[0m[1mmodule.s3.module.ccc_unrefined_call_data_bucket.data.aws_elb_service_account.main: Read complete after 0s [id=797873946194][0m
[0m[1mmodule.s3.module.ccc_initial_bucket.module.s3-hosted-bucket.data.aws_caller_identity.current: Read complete after 0s [id=183095018968][0m
[0m[1mmodule.kms.aws_kms_key.unrefined_kms_key: Refreshing state... [id=6ed85f98-c89a-4a63-99d5-4581dd824626][0m
[0m[1mmodule.s3.module.ccc_dirty_bucket.module.log-bucket.data.aws_caller_identity.current: Reading...[0m[0m
[0m[1mmodule.s3.module.ccc_dirty_bucket.module.log-bucket.data.aws_caller_identity.current: Read complete after 0s [id=183095018968][0m
[0m[1mmodule.s3.module.ccc_initial_bucket.module.s3-bucket.data.aws_caller_identity.current: Reading...[0m[0m
[0m[1mmodule.s3.module.ccc_unrefined_call_data_bucket.module.s3-bucket.aws_s3_bucket.this[0]: Refreshing state... [id=sdge-dtdes-dev-wus2-s3-nla-unrefined-s3][0m
[0m[1mmodule.s3.module.ccc_initial_bucket.module.s3-bucket.data.aws_caller_identity.current: Read complete after 0s [id=183095018968][0m
[0m[1mmodule.s3.module.ccc_dirty_bucket.module.s3-hosted-bucket.data.aws_canonical_user_id.this: Reading...[0m[0m
[0m[1mmodule.s3.module.ccc_cleaned_bucket.module.s3-bucket.data.aws_caller_identity.current: Reading...[0m[0m
[0m[1mmodule.s3.module.ccc_cleaned_bucket.module.s3-bucket.data.aws_caller_identity.current: Read complete after 0s [id=183095018968][0m
[0m[1mmodule.s3.module.ccc_dirty_bucket.module.log-bucket.data.aws_canonical_user_id.this: Reading...[0m[0m
[0m[1mmodule.s3.module.ccc_piimetadata_bucket.module.s3-bucket.data.aws_canonical_user_id.this: Read complete after 0s [id=347d542cc5670fd1734dcee45d92271a02c4a3208eecf78c93a639979aaaa023][0m
[0m[1mmodule.s3.module.ccc_verified_clean_bucket.module.s3-hosted-bucket.data.aws_canonical_user_id.this: Reading...[0m[0m
[0m[1mmodule.s3.module.ccc_verified_clean_bucket.module.log-bucket.data.aws_canonical_user_id.this: Read complete after 0s [id=347d542cc5670fd1734dcee45d92271a02c4a3208eecf78c93a639979aaaa023][0m
[0m[1mmodule.s3.module.ccc_unrefined_call_data_bucket.module.log-bucket.data.aws_canonical_user_id.this: Reading...[0m[0m
[0m[1mmodule.s3.module.ccc_cleaned_bucket.module.s3-bucket.data.aws_canonical_user_id.this: Reading...[0m[0m
[0m[1mmodule.s3.module.ccc_unrefined_call_data_bucket.module.s3-hosted-bucket.data.aws_canonical_user_id.this: Read complete after 0s [id=347d542cc5670fd1734dcee45d92271a02c4a3208eecf78c93a639979aaaa023][0m
[0m[1mmodule.s3.module.ccc_piimetadata_bucket.module.s3-hosted-bucket.data.aws_canonical_user_id.this: Reading...[0m[0m
[0m[1mmodule.s3.module.ccc_dirty_bucket.module.s3-hosted-bucket.data.aws_canonical_user_id.this: Read complete after 0s [id=347d542cc5670fd1734dcee45d92271a02c4a3208eecf78c93a639979aaaa023][0m
[0m[1mmodule.s3.module.ccc_cleaned_bucket.module.log-bucket.data.aws_canonical_user_id.this: Reading...[0m[0m
[0m[1mmodule.s3.module.ccc_dirty_bucket.module.log-bucket.data.aws_canonical_user_id.this: Read complete after 0s [id=347d542cc5670fd1734dcee45d92271a02c4a3208eecf78c93a639979aaaa023][0m
[0m[1mmodule.s3.module.ccc_dirty_bucket.module.s3-bucket.data.aws_canonical_user_id.this: Reading...[0m[0m
[0m[1mmodule.s3.module.ccc_verified_clean_bucket.module.s3-hosted-bucket.data.aws_canonical_user_id.this: Read complete after 0s [id=347d542cc5670fd1734dcee45d92271a02c4a3208eecf78c93a639979aaaa023][0m
[0m[1mmodule.s3.module.ccc_initial_bucket.module.s3-bucket.aws_s3_bucket.this[0]: Refreshing state... [id=sdge-dtdes-dev-wus2-s3-nla-pii-transcription][0m
[0m[1mmodule.s3.module.ccc_unrefined_call_data_bucket.module.log-bucket.data.aws_canonical_user_id.this: Read complete after 0s [id=347d542cc5670fd1734dcee45d92271a02c4a3208eecf78c93a639979aaaa023][0m
[0m[1mmodule.s3.module.ccc_cleaned_bucket.module.s3-bucket.data.aws_canonical_user_id.this: Read complete after 0s [id=347d542cc5670fd1734dcee45d92271a02c4a3208eecf78c93a639979aaaa023][0m
[0m[1mmodule.iam.module.sns_lambda_role.aws_iam_role.default: Refreshing state... [id=sdge-dtdes-dev-wus2-iam-role-nla-sns][0m
[0m[1mmodule.s3.module.ccc_unrefined_call_data_bucket.module.log-bucket.data.aws_caller_identity.current: Reading...[0m[0m
[0m[1mmodule.s3.module.ccc_unrefined_call_data_bucket.module.log-bucket.data.aws_caller_identity.current: Read complete after 0s [id=183095018968][0m
[0m[1mmodule.s3.module.ccc_cleaned_bucket.module.s3-hosted-bucket.data.aws_canonical_user_id.this: Reading...[0m[0m
[0m[1mmodule.s3.module.ccc_piimetadata_bucket.module.s3-hosted-bucket.data.aws_canonical_user_id.this: Read complete after 1s [id=347d542cc5670fd1734dcee45d92271a02c4a3208eecf78c93a639979aaaa023][0m
[0m[1mmodule.s3.module.ccc_dirty_bucket.module.s3-bucket.aws_s3_bucket.this[0]: Refreshing state... [id=sdge-dtdes-dev-wus2-s3-nla-dirty][0m
[0m[1mmodule.s3.module.ccc_cleaned_bucket.module.log-bucket.data.aws_canonical_user_id.this: Read complete after 1s [id=347d542cc5670fd1734dcee45d92271a02c4a3208eecf78c93a639979aaaa023][0m
[0m[1mmodule.s3.module.ccc_cleaned_bucket.data.aws_elb_service_account.main: Reading...[0m[0m
[0m[1mmodule.s3.module.ccc_cleaned_bucket.data.aws_elb_service_account.main: Read complete after 0s [id=797873946194][0m
[0m[1mmodule.s3.module.ccc_unrefined_call_data_bucket.module.s3-bucket.data.aws_caller_identity.current: Reading...[0m[0m
[0m[1mmodule.s3.module.ccc_dirty_bucket.module.s3-bucket.data.aws_canonical_user_id.this: Read complete after 1s [id=347d542cc5670fd1734dcee45d92271a02c4a3208eecf78c93a639979aaaa023][0m
[0m[1mmodule.s3.module.ccc_unrefined_call_data_bucket.module.s3-bucket.data.aws_caller_identity.current: Read complete after 0s [id=183095018968][0m
[0m[1mmodule.kms.aws_kms_key.initial_kms_key: Refreshing state... [id=aa228f2a-16f0-4b33-90b6-41169c5c0980][0m
[0m[1mmodule.iam.module.trigger_macie_lambda_role.aws_iam_role.default: Refreshing state... [id=sdge-dtdes-dev-wus2-iam-role-nla-trigger-macie][0m
[0m[1mmodule.s3.module.ccc_cleaned_bucket.module.s3-hosted-bucket.data.aws_canonical_user_id.this: Read complete after 0s [id=347d542cc5670fd1734dcee45d92271a02c4a3208eecf78c93a639979aaaa023][0m
[0m[1mmodule.s3.module.ccc_athenaresults_bucket.module.s3-hosted-bucket.data.aws_caller_identity.current: Reading...[0m[0m
[0m[1mmodule.s3.module.ccc_athenaresults_bucket.module.s3-hosted-bucket.data.aws_caller_identity.current: Read complete after 0s [id=183095018968][0m
[0m[1mmodule.s3.module.ccc_athenaresults_bucket.module.s3-bucket.data.aws_caller_identity.current: Reading...[0m[0m
[0m[1mmodule.s3.module.ccc_athenaresults_bucket.module.s3-bucket.data.aws_canonical_user_id.this: Reading...[0m[0m
[0m[1mmodule.s3.module.ccc_athenaresults_bucket.module.s3-bucket.data.aws_caller_identity.current: Read complete after 0s [id=183095018968][0m
[0m[1mmodule.dynamodb.module.dynamodb_audit_table.aws_dynamodb_table.default: Refreshing state... [id=sdge-dtdes-dev-wus2-dydb-nla-ccc-call-audit][0m
[0m[1mmodule.s3.module.ccc_piimetadata_bucket.module.log-bucket.data.aws_canonical_user_id.this: Reading...[0m[0m
[0m[1mmodule.s3.module.ccc_maciefindings_bucket.module.s3-bucket.data.aws_caller_identity.current: Reading...[0m[0m
[0m[1mmodule.s3.module.ccc_maciefindings_bucket.module.s3-bucket.data.aws_caller_identity.current: Read complete after 0s [id=183095018968][0m
[0m[1mmodule.s3.module.ccc_cleaned_bucket.module.log-bucket.data.aws_caller_identity.current: Reading...[0m[0m
[0m[1mmodule.s3.module.ccc_athenaresults_bucket.module.s3-bucket.data.aws_canonical_user_id.this: Read complete after 0s [id=347d542cc5670fd1734dcee45d92271a02c4a3208eecf78c93a639979aaaa023][0m
[0m[1mmodule.s3.module.ccc_maciefindings_bucket.module.log-bucket.data.aws_caller_identity.current: Reading...[0m[0m
[0m[1mmodule.s3.module.ccc_cleaned_bucket.module.log-bucket.data.aws_caller_identity.current: Read complete after 0s [id=183095018968][0m
[0m[1mmodule.s3.module.ccc_maciefindings_bucket.module.log-bucket.data.aws_canonical_user_id.this: Reading...[0m[0m
[0m[1mmodule.s3.module.ccc_maciefindings_bucket.module.log-bucket.data.aws_caller_identity.current: Read complete after 0s [id=183095018968][0m
[0m[1mmodule.s3.module.ccc_maciefindings_bucket.module.s3-bucket.aws_s3_bucket.this[0]: Refreshing state... [id=sdge-dtdes-dev-wus2-s3-nla-macie-findings][0m
[0m[1mmodule.s3.module.ccc_piimetadata_bucket.module.log-bucket.data.aws_canonical_user_id.this: Read complete after 0s [id=347d542cc5670fd1734dcee45d92271a02c4a3208eecf78c93a639979aaaa023][0m
[0m[1mmodule.s3.module.ccc_piimetadata_bucket.data.aws_elb_service_account.main: Reading...[0m[0m
[0m[1mmodule.s3.module.ccc_piimetadata_bucket.data.aws_elb_service_account.main: Read complete after 0s [id=797873946194][0m
[0m[1mmodule.s3.module.ccc_maciefindings_bucket.module.s3-hosted-bucket.data.aws_caller_identity.current: Reading...[0m[0m
[0m[1mmodule.s3.module.ccc_maciefindings_bucket.module.s3-hosted-bucket.data.aws_caller_identity.current: Read complete after 0s [id=183095018968][0m
[0m[1mmodule.s3.module.ccc_verified_clean_bucket.module.s3-bucket.aws_s3_bucket.this[0]: Refreshing state... [id=sdge-dtdes-dev-wus2-s3-nla-verified-clean][0m
[0m[1mmodule.s3.module.ccc_maciefindings_bucket.module.log-bucket.data.aws_canonical_user_id.this: Read complete after 0s [id=347d542cc5670fd1734dcee45d92271a02c4a3208eecf78c93a639979aaaa023][0m
[0m[1mmodule.s3.module.ccc_athenaresults_bucket.module.log-bucket.data.aws_canonical_user_id.this: Reading...[0m[0m
[0m[1mmodule.s3.module.ccc_athenaresults_bucket.module.log-bucket.data.aws_canonical_user_id.this: Read complete after 0s [id=347d542cc5670fd1734dcee45d92271a02c4a3208eecf78c93a639979aaaa023][0m
[0m[1mmodule.s3.module.ccc_athenaresults_bucket.module.log-bucket.data.aws_caller_identity.current: Reading...[0m[0m
[0m[1mmodule.s3.module.ccc_athenaresults_bucket.module.log-bucket.data.aws_caller_identity.current: Read complete after 0s [id=183095018968][0m
[0m[1mmodule.kms.aws_kms_key.athenaresults_kms_key: Refreshing state... [id=945ab6d1-e249-4d9d-bfc6-f4cc36268774][0m
[0m[1mmodule.s3.module.ccc_verified_clean_bucket.data.aws_elb_service_account.main: Reading...[0m[0m
[0m[1mmodule.s3.module.ccc_verified_clean_bucket.data.aws_elb_service_account.main: Read complete after 0s [id=797873946194][0m
[0m[1mmodule.s3.module.ccc_dirty_bucket.module.s3-bucket.data.aws_caller_identity.current: Reading...[0m[0m
[0m[1mmodule.s3.module.ccc_dirty_bucket.module.s3-bucket.data.aws_caller_identity.current: Read complete after 0s [id=183095018968][0m
[0m[1mmodule.kms.aws_kms_key.dirty_kms_key: Refreshing state... [id=0e7ee8bd-7e7b-4ae1-b782-0e55f0d1d0ac][0m
[0m[1mmodule.s3.module.ccc_initial_bucket.module.s3-hosted-bucket.data.aws_canonical_user_id.this: Reading...[0m[0m
[0m[1mmodule.s3.module.ccc_piimetadata_bucket.module.s3-hosted-bucket.data.aws_caller_identity.current: Reading...[0m[0m
[0m[1mmodule.s3.module.ccc_piimetadata_bucket.module.s3-hosted-bucket.data.aws_caller_identity.current: Read complete after 0s [id=183095018968][0m
[0m[1mmodule.s3.module.ccc_piimetadata_bucket.module.log-bucket.data.aws_caller_identity.current: Reading...[0m[0m
[0m[1mmodule.s3.module.ccc_piimetadata_bucket.module.log-bucket.data.aws_caller_identity.current: Read complete after 0s [id=183095018968][0m
[0m[1mmodule.s3.module.ccc_maciefindings_bucket.module.s3-hosted-bucket.data.aws_canonical_user_id.this: Reading...[0m[0m
[0m[1mmodule.s3.module.ccc_initial_bucket.module.s3-hosted-bucket.data.aws_canonical_user_id.this: Read complete after 0s [id=347d542cc5670fd1734dcee45d92271a02c4a3208eecf78c93a639979aaaa023][0m
[0m[1mmodule.s3.module.ccc_athenaresults_bucket.module.s3-hosted-bucket.data.aws_canonical_user_id.this: Reading...[0m[0m
[0m[1mmodule.s3.module.ccc_maciefindings_bucket.module.s3-hosted-bucket.data.aws_canonical_user_id.this: Read complete after 0s [id=347d542cc5670fd1734dcee45d92271a02c4a3208eecf78c93a639979aaaa023][0m
[0m[1mmodule.iam.module.informational_macie_lambda_role.aws_iam_role.default: Refreshing state... [id=sdge-dtdes-dev-wus2-iam-role-nla-macie-info][0m
[0m[1mmodule.kms.aws_kms_key.clean_kms_key: Refreshing state... [id=49e7c51f-f0b7-463f-a6e2-edab317317df][0m
[0m[1mmodule.s3.module.ccc_athenaresults_bucket.module.s3-hosted-bucket.data.aws_canonical_user_id.this: Read complete after 0s [id=347d542cc5670fd1734dcee45d92271a02c4a3208eecf78c93a639979aaaa023][0m
[0m[1mmodule.s3.module.ccc_initial_bucket.module.log-bucket.data.aws_canonical_user_id.this: Reading...[0m[0m
[0m[1mmodule.s3.module.ccc_athenaresults_bucket.data.aws_elb_service_account.main: Reading...[0m[0m
[0m[1mmodule.s3.module.ccc_athenaresults_bucket.data.aws_elb_service_account.main: Read complete after 0s [id=797873946194][0m
[0m[1mmodule.s3.module.ccc_cleaned_bucket.module.s3-hosted-bucket.data.aws_caller_identity.current: Reading...[0m[0m
[0m[1mmodule.s3.module.ccc_cleaned_bucket.module.s3-hosted-bucket.data.aws_caller_identity.current: Read complete after 0s [id=183095018968][0m
[0m[1mmodule.s3.module.ccc_verified_clean_bucket.module.s3-hosted-bucket.data.aws_caller_identity.current: Reading...[0m[0m
[0m[1mmodule.s3.module.ccc_initial_bucket.module.log-bucket.data.aws_canonical_user_id.this: Read complete after 0s [id=347d542cc5670fd1734dcee45d92271a02c4a3208eecf78c93a639979aaaa023][0m
[0m[1mmodule.s3.module.ccc_verified_clean_bucket.module.s3-hosted-bucket.data.aws_caller_identity.current: Read complete after 0s [id=183095018968][0m
[0m[1mmodule.iam.module.transcribe_lambda_role.aws_iam_role.default: Refreshing state... [id=sdge-dtdes-dev-wus2-iam-role-nla-transcribe][0m
[0m[1mmodule.s3.module.ccc_piimetadata_bucket.module.s3-bucket.aws_s3_bucket.this[0]: Refreshing state... [id=sdge-dtdes-dev-wus2-s3-nla-pii-metadata-s3][0m
[0m[1mmodule.iam.module.autoscaler_iam_role.aws_iam_role.default: Refreshing state... [id=sdge-dtdes-dev-wus2-iam-role-nla-autoscale][0m
[0m[1mmodule.s3.module.ccc_initial_bucket.module.s3-bucket.data.aws_canonical_user_id.this: Reading...[0m[0m
[0m[1mmodule.s3.module.ccc_unrefined_call_data_bucket.module.s3-hosted-bucket.data.aws_caller_identity.current: Reading...[0m[0m
[0m[1mmodule.s3.module.ccc_unrefined_call_data_bucket.module.s3-hosted-bucket.data.aws_caller_identity.current: Read complete after 0s [id=183095018968][0m
[0m[1mmodule.iam.module.audit_call_lambda_role.aws_iam_role.default: Refreshing state... [id=sdge-dtdes-dev-wus2-iam-role-nla-audit-call][0m
[0m[1mmodule.s3.module.ccc_initial_bucket.module.s3-bucket.data.aws_canonical_user_id.this: Read complete after 0s [id=347d542cc5670fd1734dcee45d92271a02c4a3208eecf78c93a639979aaaa023][0m
[0m[1mmodule.s3.module.ccc_unrefined_call_data_bucket.module.s3-bucket.data.aws_canonical_user_id.this: Reading...[0m[0m
[0m[1mmodule.kms.aws_kms_alias.maciefindings_kms_key: Refreshing state... [id=alias/nla-maciefindings_kms_key][0m
[0m[1mmodule.kms.aws_kms_alias.verified_clean_kms_key: Refreshing state... [id=alias/nla-verified_clean_kms_key][0m
[0m[1mmodule.s3.module.ccc_unrefined_call_data_bucket.module.s3-bucket.data.aws_canonical_user_id.this: Read complete after 1s [id=347d542cc5670fd1734dcee45d92271a02c4a3208eecf78c93a639979aaaa023][0m
[0m[1mmodule.kms.aws_kms_alias.piimetadata_kms_key: Refreshing state... [id=alias/nla-piimetadata_kms_key][0m
[0m[1mmodule.kms.aws_kms_alias.unrefined_kms_key: Refreshing state... [id=alias/nla-unrefined_kms_key][0m
[0m[1mmodule.kms.aws_kms_alias.initial_kms_key: Refreshing state... [id=alias/nla-initial_kms_key][0m
[0m[1mmodule.kms.aws_kms_alias.athenaresults_kms_key: Refreshing state... [id=alias/nla-athenaresults_kms_key][0m
[0m[1mmodule.kms.aws_kms_alias.dirty_kms_key: Refreshing state... [id=alias/nla-dirty_kms_key][0m
[0m[1mmodule.dynamodb.module.dynamodb_audit_table.aws_appautoscaling_target.table_write[0]: Refreshing state... [id=table/sdge-dtdes-dev-wus2-dydb-nla-ccc-call-audit][0m
[0m[1mmodule.dynamodb.module.dynamodb_audit_table.aws_appautoscaling_target.table_read[0]: Refreshing state... [id=table/sdge-dtdes-dev-wus2-dydb-nla-ccc-call-audit][0m
[0m[1mmodule.dynamodb.module.dynamodb_audit_table.aws_iam_policy.autoscaler["1"]: Refreshing state... [id=arn:aws:iam::183095018968:policy/sdge-dtdes-dev-wus2-dydb-nla-ccc-call-audit-autoscaler-policy][0m
[0m[1mmodule.s3.module.ccc_cleaned_bucket.module.s3-bucket.aws_s3_bucket_versioning.this[0]: Refreshing state... [id=sdge-dtdes-dev-wus2-s3-nla-cleaned][0m
[0m[1mmodule.s3.module.ccc_cleaned_bucket.module.s3-bucket.aws_s3_bucket_acl.this[0]: Refreshing state... [id=sdge-dtdes-dev-wus2-s3-nla-cleaned,private][0m
[0m[1mmodule.s3.module.ccc_cleaned_bucket.module.s3-bucket.aws_s3_bucket_cors_configuration.this[0]: Refreshing state... [id=sdge-dtdes-dev-wus2-s3-nla-cleaned][0m
[0m[1mmodule.s3.module.ccc_athenaresults_bucket.module.s3-bucket.aws_s3_bucket_acl.this[0]: Refreshing state... [id=sdge-dtdes-dev-wus2-s3-nla-athena-results,private][0m
[0m[1mmodule.s3.module.ccc_athenaresults_bucket.module.s3-bucket.aws_s3_bucket_versioning.this[0]: Refreshing state... [id=sdge-dtdes-dev-wus2-s3-nla-athena-results][0m
[0m[1mmodule.s3.module.ccc_athenaresults_bucket.module.s3-bucket.aws_s3_bucket_cors_configuration.this[0]: Refreshing state... [id=sdge-dtdes-dev-wus2-s3-nla-athena-results][0m
[0m[1mmodule.s3.module.ccc_cleaned_bucket.module.s3-bucket.aws_s3_bucket_public_access_block.this[0]: Refreshing state... [id=sdge-dtdes-dev-wus2-s3-nla-cleaned][0m
[0m[1mmodule.s3.module.ccc_athenaresults_bucket.module.s3-bucket.aws_s3_bucket_public_access_block.this[0]: Refreshing state... [id=sdge-dtdes-dev-wus2-s3-nla-athena-results][0m
[0m[1mmodule.iam.aws_iam_role_policy_attachment.AmazonMacieFullAccess: Refreshing state... [id=sdge-dtdes-dev-wus2-iam-role-nla-macie-20230316205022403500000003][0m
[0m[1mmodule.iam.aws_iam_role_policy_attachment.AWSLambdaBasicExecutionRole4: Refreshing state... [id=sdge-dtdes-dev-wus2-iam-role-nla-macie-20230316205022537900000006][0m
[0m[1mmodule.iam.aws_iam_role_policy_attachment.AWSLambdaBasicExecutionRole1: Refreshing state... [id=sdge-dtdes-dev-wus2-iam-role-nla-comprehend-20230316205025707400000009][0m
[0m[1mmodule.iam.aws_iam_role_policy_attachment.AmazonComprehendFullAccess: Refreshing state... [id=sdge-dtdes-dev-wus2-iam-role-nla-comprehend-2023031620502577290000000a][0m
[0m[1mmodule.kms.aws_kms_alias.clean_kms_key: Refreshing state... [id=alias/nla-clean_kms_key][0m
[0m[1mmodule.iam.aws_iam_role_policy_attachment.AWSLambdaBasicExecutionRole7: Refreshing state... [id=sdge-dtdes-dev-wus2-iam-role-nla-athena-20230316205022461000000005][0m
[0m[1mmodule.iam.aws_iam_role_policy_attachment.AmazonAthenaFullAccess: Refreshing state... [id=sdge-dtdes-dev-wus2-iam-role-nla-athena-20230316205022380700000002][0m
[0m[1mmodule.iam.aws_iam_role_policy_attachment.AWSLambdaBasicExecutionRole6: Refreshing state... [id=sdge-dtdes-dev-wus2-iam-role-nla-sns-20230316205025684000000008][0m
[0m[1mmodule.iam.aws_iam_role_policy_attachment.AWSLambdaBasicExecutionRole5: Refreshing state... [id=sdge-dtdes-dev-wus2-iam-role-nla-trigger-macie-20230316205025630100000007][0m
[0m[1mmodule.iam.aws_iam_role_policy_attachment.AWSLambdaBasicExecutionRole3: Refreshing state... [id=sdge-dtdes-dev-wus2-iam-role-nla-macie-info-20230316205022278300000001][0m
[0m[1mmodule.s3.module.ccc_dirty_bucket.module.s3-bucket.aws_s3_bucket_acl.this[0]: Refreshing state... [id=sdge-dtdes-dev-wus2-s3-nla-dirty,private][0m
[0m[1mmodule.dynamodb.module.dynamodb_audit_table.aws_appautoscaling_policy.table_read_policy[0]: Refreshing state... [id=DynamoDBReadCapacityUtilization:table/sdge-dtdes-dev-wus2-dydb-nla-ccc-call-audit][0m
[0m[1mmodule.s3.module.ccc_dirty_bucket.module.s3-bucket.aws_s3_bucket_versioning.this[0]: Refreshing state... [id=sdge-dtdes-dev-wus2-s3-nla-dirty][0m
[0m[1mmodule.s3.module.ccc_dirty_bucket.module.s3-bucket.aws_s3_bucket_cors_configuration.this[0]: Refreshing state... [id=sdge-dtdes-dev-wus2-s3-nla-dirty][0m
[0m[1mmodule.s3.module.ccc_dirty_bucket.module.s3-bucket.aws_s3_bucket_public_access_block.this[0]: Refreshing state... [id=sdge-dtdes-dev-wus2-s3-nla-dirty][0m
[0m[1mmodule.dynamodb.module.dynamodb_audit_table.aws_appautoscaling_policy.table_write_policy[0]: Refreshing state... [id=DynamoDBWriteCapacityUtilization:table/sdge-dtdes-dev-wus2-dydb-nla-ccc-call-audit][0m
[0m[1mmodule.iam.aws_iam_role_policy_attachment.AmazonTranscribeFullAccess: Refreshing state... [id=sdge-dtdes-dev-wus2-iam-role-nla-transcribe-2023031620502588160000000f][0m
[0m[1mmodule.iam.aws_iam_role_policy_attachment.AmazonDynamoDBFullAccess: Refreshing state... [id=sdge-dtdes-dev-wus2-iam-role-nla-transcribe-2023031620502578290000000b][0m
[0m[1mmodule.iam.aws_iam_role_policy_attachment.AWSLambdaBasicExecutionRole2: Refreshing state... [id=sdge-dtdes-dev-wus2-iam-role-nla-transcribe-2023031620502578390000000c][0m
[0m[1mmodule.s3.module.ccc_initial_bucket.module.s3-bucket.aws_s3_bucket_acl.this[0]: Refreshing state... [id=sdge-dtdes-dev-wus2-s3-nla-pii-transcription,private][0m
[0m[1mmodule.s3.module.ccc_initial_bucket.module.s3-bucket.aws_s3_bucket_cors_configuration.this[0]: Refreshing state... [id=sdge-dtdes-dev-wus2-s3-nla-pii-transcription][0m
[0m[1mmodule.s3.module.ccc_initial_bucket.module.s3-bucket.aws_s3_bucket_versioning.this[0]: Refreshing state... [id=sdge-dtdes-dev-wus2-s3-nla-pii-transcription][0m
[0m[1mmodule.s3.module.ccc_initial_bucket.module.s3-bucket.aws_s3_bucket_public_access_block.this[0]: Refreshing state... [id=sdge-dtdes-dev-wus2-s3-nla-pii-transcription][0m
[0m[1mmodule.iam.aws_iam_role_policy_attachment.AmazonDynamoDBFullAccess2: Refreshing state... [id=sdge-dtdes-dev-wus2-iam-role-nla-audit-call-2023031620502587590000000d][0m
[0m[1mmodule.iam.aws_iam_role_policy_attachment.AWSLambdaBasicExecutionRole8: Refreshing state... [id=sdge-dtdes-dev-wus2-iam-role-nla-audit-call-2023031620502587850000000e][0m
[0m[1mmodule.s3.module.ccc_verified_clean_bucket.module.s3-bucket.aws_s3_bucket_versioning.this[0]: Refreshing state... [id=sdge-dtdes-dev-wus2-s3-nla-verified-clean][0m
[0m[1mmodule.s3.module.ccc_verified_clean_bucket.module.s3-bucket.aws_s3_bucket_cors_configuration.this[0]: Refreshing state... [id=sdge-dtdes-dev-wus2-s3-nla-verified-clean][0m
[0m[1mmodule.s3.module.ccc_verified_clean_bucket.module.s3-bucket.aws_s3_bucket_acl.this[0]: Refreshing state... [id=sdge-dtdes-dev-wus2-s3-nla-verified-clean,private][0m
[0m[1mmodule.s3.module.ccc_verified_clean_bucket.module.s3-bucket.aws_s3_bucket_public_access_block.this[0]: Refreshing state... [id=sdge-dtdes-dev-wus2-s3-nla-verified-clean][0m
[0m[1mmodule.s3.module.ccc_maciefindings_bucket.module.s3-bucket.aws_s3_bucket_acl.this[0]: Refreshing state... [id=sdge-dtdes-dev-wus2-s3-nla-macie-findings,private][0m
[0m[1mmodule.s3.module.ccc_maciefindings_bucket.module.s3-bucket.aws_s3_bucket_versioning.this[0]: Refreshing state... [id=sdge-dtdes-dev-wus2-s3-nla-macie-findings][0m
[0m[1mmodule.s3.module.ccc_maciefindings_bucket.module.s3-bucket.aws_s3_bucket_cors_configuration.this[0]: Refreshing state... [id=sdge-dtdes-dev-wus2-s3-nla-macie-findings][0m
[0m[1mmodule.s3.module.ccc_maciefindings_bucket.module.s3-bucket.aws_s3_bucket_public_access_block.this[0]: Refreshing state... [id=sdge-dtdes-dev-wus2-s3-nla-macie-findings][0m
[0m[1mmodule.kms.aws_kms_grant.ccc_notification_forwarder_lambda: Refreshing state... [id=0e7ee8bd-7e7b-4ae1-b782-0e55f0d1d0ac:cb3224da6d86ca7a580289ed74e880a806877779d15eb90fc3f74089b229b6de][0m
[0m[1mmodule.kms.aws_kms_grant.macie_lambda_role_kms_key: Refreshing state... [id=0e7ee8bd-7e7b-4ae1-b782-0e55f0d1d0ac:4131bac715946dad0ef433aab906fb0b2577b7a5cc10a9ab20a60ff88a246596][0m
[0m[1mmodule.kms.aws_kms_grant.comprehend_lambda_role_kms_key: Refreshing state... [id=aa228f2a-16f0-4b33-90b6-41169c5c0980:d992f2a9131eedea2fc7fa0fdfd0397dd828049a73d1bcb19e62f9962eaf292e][0m
[0m[1mmodule.kms.aws_kms_grant.ccc_macie_scan_trigger_lambda: Refreshing state... [id=0e7ee8bd-7e7b-4ae1-b782-0e55f0d1d0ac:337f1d68b4e589952a487cc57445dfe48df2064ab6b186c53b94d8a511da6971][0m
[0m[1mmodule.kms.aws_kms_grant.infoMacie_lambda_role_kms_key: Refreshing state... [id=49e7c51f-f0b7-463f-a6e2-edab317317df:74cb3e871bd7e7ff9830d43525200e2526c88278afba7053c76adbff0bf79b0f][0m
[0m[1mmodule.kms.aws_kms_grant.transcribe_lambda_role_kms_key: Refreshing state... [id=6ed85f98-c89a-4a63-99d5-4581dd824626:4479b38b62dd7cbad6f17fb13547abfabdd9ed4d81e827c3a45052d41d1b1f54][0m
[0m[1mmodule.s3.module.ccc_verified_clean_bucket.module.s3-bucket.aws_s3_bucket_server_side_encryption_configuration.this[0]: Refreshing state... [id=sdge-dtdes-dev-wus2-s3-nla-verified-clean][0m
[0m[1mmodule.s3.module.ccc_maciefindings_bucket.module.s3-bucket.aws_s3_bucket_server_side_encryption_configuration.this[0]: Refreshing state... [id=sdge-dtdes-dev-wus2-s3-nla-macie-findings][0m
[0m[1mmodule.s3.module.ccc_initial_bucket.module.s3-bucket.aws_s3_bucket_server_side_encryption_configuration.this[0]: Refreshing state... [id=sdge-dtdes-dev-wus2-s3-nla-pii-transcription][0m
[0m[1mmodule.s3.module.ccc_athenaresults_bucket.module.s3-bucket.aws_s3_bucket_server_side_encryption_configuration.this[0]: Refreshing state... [id=sdge-dtdes-dev-wus2-s3-nla-athena-results][0m
[0m[1mmodule.s3.module.ccc_dirty_bucket.module.s3-bucket.aws_s3_bucket_server_side_encryption_configuration.this[0]: Refreshing state... [id=sdge-dtdes-dev-wus2-s3-nla-dirty][0m
[0m[1mmodule.dynamodb.module.dynamodb_audit_table.aws_iam_role_policy_attachment.autoscaler-attach["1"]: Refreshing state... [id=sdge-dtdes-dev-wus2-iam-role-nla-autoscale-20230319060642571100000001][0m
[0m[1mmodule.lambda.module.ccc_macie_lambda.module.lambda_function.data.aws_caller_identity.current: Reading...[0m[0m
[0m[1mmodule.lambda.module.ccc_macie_lambda.module.lambda_function.data.aws_partition.current: Reading...[0m[0m
[0m[1mmodule.lambda.module.ccc_macie_lambda.module.lambda_function.data.aws_partition.current: Read complete after 0s [id=aws][0m
[0m[1mmodule.lambda.module.ccc_macie_lambda.module.lambda_function.data.aws_caller_identity.current: Read complete after 0s [id=183095018968][0m
[0m[1mmodule.lambda.module.ccc_macie_lambda.module.lambda_function.data.aws_region.current: Reading...[0m[0m
[0m[1mmodule.lambda.module.ccc_macie_lambda.module.lambda_function.data.aws_region.current: Read complete after 0s [id=us-west-2][0m
[0m[1mmodule.lambda.module.ccc_comprehend_lambda.module.lambda_function.data.aws_caller_identity.current: Reading...[0m[0m
[0m[1mmodule.lambda.module.ccc_comprehend_lambda.module.lambda_function.data.aws_region.current: Reading...[0m[0m
[0m[1mmodule.lambda.module.ccc_comprehend_lambda.module.lambda_function.data.aws_partition.current: Reading...[0m[0m
[0m[1mmodule.lambda.module.ccc_comprehend_lambda.module.lambda_function.data.aws_partition.current: Read complete after 0s [id=aws][0m
[0m[1mmodule.lambda.module.ccc_comprehend_lambda.module.lambda_function.data.aws_region.current: Read complete after 0s [id=us-west-2][0m
[0m[1mmodule.lambda.module.ccc_comprehend_lambda.module.lambda_function.data.aws_caller_identity.current: Read complete after 0s [id=183095018968][0m
[0m[1mmodule.s3.module.ccc_cleaned_bucket.module.s3-bucket.aws_s3_bucket_server_side_encryption_configuration.this[0]: Refreshing state... [id=sdge-dtdes-dev-wus2-s3-nla-cleaned][0m
[0m[1mmodule.lambda.module.ccc_notification_forwarder_lambda.module.lambda_function.data.aws_caller_identity.current: Reading...[0m[0m
[0m[1mmodule.lambda.module.ccc_notification_forwarder_lambda.module.lambda_function.data.aws_region.current: Reading...[0m[0m
[0m[1mmodule.lambda.module.ccc_notification_forwarder_lambda.module.lambda_function.data.aws_region.current: Read complete after 0s [id=us-west-2][0m
[0m[1mmodule.lambda.module.ccc_notification_forwarder_lambda.module.lambda_function.data.aws_caller_identity.current: Read complete after 0s [id=183095018968][0m
[0m[1mmodule.lambda.module.ccc_notification_forwarder_lambda.module.lambda_function.data.aws_partition.current: Reading...[0m[0m
[0m[1mmodule.lambda.module.ccc_notification_forwarder_lambda.module.lambda_function.data.aws_partition.current: Read complete after 0s [id=aws][0m
[0m[1mmodule.lambda.module.ccc_macie_scan_trigger_lambda.module.lambda_function.data.aws_region.current: Reading...[0m[0m
[0m[1mmodule.lambda.module.ccc_macie_scan_trigger_lambda.module.lambda_function.data.aws_region.current: Read complete after 0s [id=us-west-2][0m
[0m[1mmodule.lambda.module.ccc_macie_scan_trigger_lambda.module.lambda_function.data.aws_caller_identity.current: Reading...[0m[0m
[0m[1mmodule.lambda.module.ccc_macie_scan_trigger_lambda.module.lambda_function.data.aws_partition.current: Reading...[0m[0m
[0m[1mmodule.lambda.module.ccc_macie_scan_trigger_lambda.module.lambda_function.data.aws_partition.current: Read complete after 0s [id=aws][0m
[0m[1mmodule.lambda.module.ccc_informational_macie_lambda.module.lambda_function.data.aws_caller_identity.current: Reading...[0m[0m
[0m[1mmodule.lambda.module.ccc_macie_scan_trigger_lambda.module.lambda_function.data.aws_caller_identity.current: Read complete after 0s [id=183095018968][0m
[0m[1mmodule.lambda.module.ccc_informational_macie_lambda.module.lambda_function.data.aws_region.current: Reading...[0m[0m
[0m[1mmodule.lambda.module.ccc_informational_macie_lambda.module.lambda_function.data.aws_partition.current: Reading...[0m[0m
[0m[1mmodule.lambda.module.ccc_informational_macie_lambda.module.lambda_function.data.aws_region.current: Read complete after 0s [id=us-west-2][0m
[0m[1mmodule.lambda.module.ccc_informational_macie_lambda.module.lambda_function.data.aws_partition.current: Read complete after 0s [id=aws][0m
[0m[1mmodule.lambda.module.ccc_informational_macie_lambda.module.lambda_function.data.aws_caller_identity.current: Read complete after 0s [id=183095018968][0m
[0m[1mmodule.lambda.module.ccc_transcribe_lambda.module.lambda_function.data.aws_region.current: Reading...[0m[0m
[0m[1mmodule.lambda.module.ccc_transcribe_lambda.module.lambda_function.data.aws_region.current: Read complete after 0s [id=us-west-2][0m
[0m[1mmodule.lambda.module.ccc_transcribe_lambda.module.lambda_function.data.aws_partition.current: Reading...[0m[0m
[0m[1mmodule.lambda.module.ccc_transcribe_lambda.module.lambda_function.data.aws_caller_identity.current: Reading...[0m[0m
[0m[1mmodule.lambda.module.ccc_transcribe_lambda.module.lambda_function.data.aws_partition.current: Read complete after 0s [id=aws][0m
[0m[1mmodule.lambda.module.ccc_audit_call_lambda.module.lambda_function.data.aws_caller_identity.current: Reading...[0m[0m
[0m[1mmodule.lambda.module.ccc_transcribe_lambda.module.lambda_function.data.aws_caller_identity.current: Read complete after 0s [id=183095018968][0m
[0m[1mmodule.lambda.module.ccc_audit_call_lambda.module.lambda_function.data.aws_partition.current: Reading...[0m[0m
[0m[1mmodule.lambda.module.ccc_audit_call_lambda.module.lambda_function.data.aws_partition.current: Read complete after 0s [id=aws][0m
[0m[1mmodule.lambda.module.ccc_audit_call_lambda.module.lambda_function.data.aws_region.current: Reading...[0m[0m
[0m[1mmodule.lambda.module.ccc_audit_call_lambda.module.lambda_function.data.aws_caller_identity.current: Read complete after 0s [id=183095018968][0m
[0m[1mmodule.lambda.module.ccc_audit_call_lambda.module.lambda_function.data.aws_region.current: Read complete after 0s [id=us-west-2][0m
[0m[1mmodule.lambda.module.ccc_macie_lambda.module.lambda_function.aws_cloudwatch_log_group.lambda[0]: Refreshing state... [id=/aws/lambda/sdge-dtdes-dev-wus2-lambda-macie-lambda][0m
[0m[1mmodule.lambda.module.ccc_comprehend_lambda.module.lambda_function.aws_cloudwatch_log_group.lambda[0]: Refreshing state... [id=/aws/lambda/sdge-dtdes-dev-wus2-lambda-comprehend-lambda][0m
[0m[1mmodule.lambda.module.ccc_notification_forwarder_lambda.module.lambda_function.aws_cloudwatch_log_group.lambda[0]: Refreshing state... [id=/aws/lambda/sdge-dtdes-dev-wus2-lambda-notification-lambda][0m
[0m[1mmodule.lambda.module.ccc_macie_scan_trigger_lambda.module.lambda_function.aws_cloudwatch_log_group.lambda[0]: Refreshing state... [id=/aws/lambda/sdge-dtdes-dev-wus2-lambda-macie-scan-lambda][0m
[0m[1mmodule.lambda.module.ccc_informational_macie_lambda.module.lambda_function.aws_cloudwatch_log_group.lambda[0]: Refreshing state... [id=/aws/lambda/sdge-dtdes-dev-wus2-lambda-info-macie-lambda][0m
[0m[1mmodule.lambda.module.ccc_transcribe_lambda.module.lambda_function.aws_cloudwatch_log_group.lambda[0]: Refreshing state... [id=/aws/lambda/sdge-dtdes-dev-wus2-lambda-transcribe][0m
[0m[1mmodule.lambda.module.ccc_audit_call_lambda.module.lambda_function.aws_cloudwatch_log_group.lambda[0]: Refreshing state... [id=/aws/lambda/sdge-dtdes-dev-wus2-lambda-audit-call-lambda][0m
[0m[1mmodule.s3.module.ccc_cleaned_bucket.aws_s3_bucket_policy.ssl-access-only-for-bucket[0]: Refreshing state... [id=sdge-dtdes-dev-wus2-s3-nla-cleaned][0m
[0m[1mmodule.s3.module.ccc_athenaresults_bucket.aws_s3_bucket_policy.ssl-access-only-for-bucket[0]: Refreshing state... [id=sdge-dtdes-dev-wus2-s3-nla-athena-results][0m
[0m[1mmodule.lambda.module.ccc_macie_lambda.module.lambda_function.aws_lambda_function.this[0]: Refreshing state... [id=sdge-dtdes-dev-wus2-lambda-macie-lambda][0m
[0m[1mmodule.lambda.module.ccc_comprehend_lambda.module.lambda_function.aws_lambda_function.this[0]: Refreshing state... [id=sdge-dtdes-dev-wus2-lambda-comprehend-lambda][0m
[0m[1mmodule.lambda.module.ccc_macie_scan_trigger_lambda.module.lambda_function.aws_lambda_function.this[0]: Refreshing state... [id=sdge-dtdes-dev-wus2-lambda-macie-scan-lambda][0m
[0m[1mmodule.lambda.module.ccc_notification_forwarder_lambda.module.lambda_function.aws_lambda_function.this[0]: Refreshing state... [id=sdge-dtdes-dev-wus2-lambda-notification-lambda][0m
[0m[1mmodule.lambda.module.ccc_informational_macie_lambda.module.lambda_function.aws_lambda_function.this[0]: Refreshing state... [id=sdge-dtdes-dev-wus2-lambda-info-macie-lambda][0m
[0m[1mmodule.lambda.module.ccc_transcribe_lambda.module.lambda_function.aws_lambda_function.this[0]: Refreshing state... [id=sdge-dtdes-dev-wus2-lambda-transcribe][0m
[0m[1mmodule.s3.module.ccc_dirty_bucket.aws_s3_bucket_policy.ssl-access-only-for-bucket[0]: Refreshing state... [id=sdge-dtdes-dev-wus2-s3-nla-dirty][0m
[0m[1mmodule.lambda.module.ccc_audit_call_lambda.module.lambda_function.aws_lambda_function.this[0]: Refreshing state... [id=sdge-dtdes-dev-wus2-lambda-audit-call-lambda][0m
[0m[1mmodule.s3.module.ccc_initial_bucket.aws_s3_bucket_policy.ssl-access-only-for-bucket[0]: Refreshing state... [id=sdge-dtdes-dev-wus2-s3-nla-pii-transcription][0m
[0m[1mmodule.s3.module.ccc_verified_clean_bucket.aws_s3_bucket_policy.ssl-access-only-for-bucket[0]: Refreshing state... [id=sdge-dtdes-dev-wus2-s3-nla-verified-clean][0m
[0m[1mmodule.s3.module.ccc_maciefindings_bucket.aws_s3_bucket_policy.ssl-access-only-for-bucket[0]: Refreshing state... [id=sdge-dtdes-dev-wus2-s3-nla-macie-findings][0m
[0m
[1m[36mNote:[0m[1m Objects have changed outside of Terraform[0m

[0mTerraform detected the following changes made outside of Terraform since the
last "terraform apply" which may have affected this plan:

[1m  # module.lambda.module.ccc_transcribe_lambda.module.lambda_function.aws_lambda_function.this[0][0m has changed[0m[0m
[0m  [33m~[0m[0m resource "aws_lambda_function" "this" {
        [1m[0mid[0m[0m                             = "sdge-dtdes-dev-wus2-lambda-transcribe"
      [33m~[0m [0m[1m[0mlast_modified[0m[0m                  = "2023-03-21T06:05:40.000+0000" [33m->[0m [0m"2023-03-21T13:28:00.000+0000"
      [33m~[0m [0m[1m[0msource_code_hash[0m[0m               = "zXVKZ1tUiZ00EngwgN57W78aWVC8AMTAhRngFSKvQ/0=" [33m->[0m [0m"Q46MmnqV7gJekO5R6lGhQye8QozzeoS32jJRCpXF46Y="
      [33m~[0m [0m[1m[0msource_code_size[0m[0m               = 4965 [33m->[0m [0m7387
        [1m[0mtags[0m[0m                           = {
            "billing-guid"        = "3993843B8B8C58852AEA9A4420D3E0CC"
            "cmdb-ci-id"          = "CI ID as generated by ServiceNow CMDB"
            "data-classification" = "confidential"
            "environment"         = "dev"
            "name"                = "sdge-dtdes-dev-wus2-lambda-transcribe"
            "portfolio"           = "Portfolio associated with the application"
            "support-group"       = "agile-iac@sdge.com"
            "tag-version"         = "1"
        }
        [90m# (20 unchanged attributes hidden)[0m[0m

        [90m# (3 unchanged blocks hidden)[0m[0m
    }


Unless you have made equivalent changes to your configuration, or ignored the
relevant attributes using ignore_changes, the following plan may include
actions to undo or respond to these changes.
[90m
─────────────────────────────────────────────────────────────────────────────[0m

Terraform used the selected providers to generate the following execution
plan. Resource actions are indicated with the following symbols:
  [32m+[0m create
  [33m~[0m update in-place
  [31m-[0m destroy
[31m-[0m/[32m+[0m destroy and then create replacement
[0m
Terraform will perform the following actions:

[1m  # module.iam.aws_iam_policy.iam_pass_role_policy[0m will be created[0m[0m
[0m  [32m+[0m[0m resource "aws_iam_policy" "iam_pass_role_policy" {
      [32m+[0m [0m[1m[0marn[0m[0m       = (known after apply)
      [32m+[0m [0m[1m[0mid[0m[0m        = (known after apply)
      [32m+[0m [0m[1m[0mname[0m[0m      = "sdge-dtdes-dev-wus2-nla-pass-role-policy"
      [32m+[0m [0m[1m[0mpath[0m[0m      = "/"
      [32m+[0m [0m[1m[0mpolicy[0m[0m    = jsonencode(
            {
              [32m+[0m [0mStatement = [
                  [32m+[0m [0m{
                      [32m+[0m [0mAction   = "iam:PassRole"
                      [32m+[0m [0mEffect   = "Allow"
                      [32m+[0m [0mResource = "*"
                    },
                ]
              [32m+[0m [0mVersion   = "2012-10-17"
            }
        )
      [32m+[0m [0m[1m[0mpolicy_id[0m[0m = (known after apply)
      [32m+[0m [0m[1m[0mtags_all[0m[0m  = (known after apply)
    }

[1m  # module.iam.aws_iam_policy.kms_full_access[0m will be created[0m[0m
[0m  [32m+[0m[0m resource "aws_iam_policy" "kms_full_access" {
      [32m+[0m [0m[1m[0marn[0m[0m       = (known after apply)
      [32m+[0m [0m[1m[0mid[0m[0m        = (known after apply)
      [32m+[0m [0m[1m[0mname[0m[0m      = "sdge-dtdes-dev-wus2-nla-kms-full-access"
      [32m+[0m [0m[1m[0mpath[0m[0m      = "/"
      [32m+[0m [0m[1m[0mpolicy[0m[0m    = jsonencode(
            {
              [32m+[0m [0mStatement = [
                  [32m+[0m [0m{
                      [32m+[0m [0mAction   = "kms:*"
                      [32m+[0m [0mEffect   = "Allow"
                      [32m+[0m [0mResource = "arn:aws:kms:*:544868842803:key/*"
                    },
                ]
              [32m+[0m [0mVersion   = "2012-10-17"
            }
        )
      [32m+[0m [0m[1m[0mpolicy_id[0m[0m = (known after apply)
      [32m+[0m [0m[1m[0mtags_all[0m[0m  = (known after apply)
    }

[1m  # module.iam.aws_iam_policy.s3_put_read[0m will be created[0m[0m
[0m  [32m+[0m[0m resource "aws_iam_policy" "s3_put_read" {
      [32m+[0m [0m[1m[0marn[0m[0m       = (known after apply)
      [32m+[0m [0m[1m[0mid[0m[0m        = (known after apply)
      [32m+[0m [0m[1m[0mname[0m[0m      = "sdge-dtdes-dev-wus2-nla-s3-put-read"
      [32m+[0m [0m[1m[0mpath[0m[0m      = "/"
      [32m+[0m [0m[1m[0mpolicy[0m[0m    = jsonencode(
            {
              [32m+[0m [0mStatement = [
                  [32m+[0m [0m{
                      [32m+[0m [0mAction   = [
                          [32m+[0m [0m"s3:Get*",
                          [32m+[0m [0m"s3:List*",
                          [32m+[0m [0m"s3:Put*",
                          [32m+[0m [0m"s3-object-lambda:Get*",
                          [32m+[0m [0m"s3-object-lambda:List*",
                          [32m+[0m [0m"s3-object-lambda:Put*",
                        ]
                      [32m+[0m [0mEffect   = "Allow"
                      [32m+[0m [0mResource = "*"
                    },
                ]
              [32m+[0m [0mVersion   = "2012-10-17"
            }
        )
      [32m+[0m [0m[1m[0mpolicy_id[0m[0m = (known after apply)
      [32m+[0m [0m[1m[0mtags_all[0m[0m  = (known after apply)
    }

[1m  # module.iam.aws_iam_role_policy_attachment.AuditAmazonS3ReadOnlyAccess[0m will be created[0m[0m
[0m  [32m+[0m[0m resource "aws_iam_role_policy_attachment" "AuditAmazonS3ReadOnlyAccess" {
      [32m+[0m [0m[1m[0mid[0m[0m         = (known after apply)
      [32m+[0m [0m[1m[0mpolicy_arn[0m[0m = "arn:aws:iam::aws:policy/AmazonTranscribeFullAccess"
      [32m+[0m [0m[1m[0mrole[0m[0m       = "sdge-dtdes-dev-wus2-iam-role-nla-audit-call"
    }

[1m  # module.iam.aws_iam_role_policy_attachment.ComprehendAmazonAthenaFullAccess[0m will be created[0m[0m
[0m  [32m+[0m[0m resource "aws_iam_role_policy_attachment" "ComprehendAmazonAthenaFullAccess" {
      [32m+[0m [0m[1m[0mid[0m[0m         = (known after apply)
      [32m+[0m [0m[1m[0mpolicy_arn[0m[0m = "arn:aws:iam::aws:policy/AmazonTranscribeFullAccess"
      [32m+[0m [0m[1m[0mrole[0m[0m       = "sdge-dtdes-dev-wus2-iam-role-nla-comprehend"
    }

[1m  # module.iam.aws_iam_role_policy_attachment.ComprehendAmazonS3ReadOnlyAccess[0m will be created[0m[0m
[0m  [32m+[0m[0m resource "aws_iam_role_policy_attachment" "ComprehendAmazonS3ReadOnlyAccess" {
      [32m+[0m [0m[1m[0mid[0m[0m         = (known after apply)
      [32m+[0m [0m[1m[0mpolicy_arn[0m[0m = "arn:aws:iam::aws:policy/AmazonTranscribeFullAccess"
      [32m+[0m [0m[1m[0mrole[0m[0m       = "sdge-dtdes-dev-wus2-iam-role-nla-comprehend"
    }

[1m  # module.iam.aws_iam_role_policy_attachment.InfoAmazonMacieFullAccess[0m will be [1m[31mdestroyed[0m
  # (because aws_iam_role_policy_attachment.InfoAmazonMacieFullAccess is not in configuration)[0m
[0m  [31m-[0m[0m resource "aws_iam_role_policy_attachment" "InfoAmazonMacieFullAccess" {
      [31m-[0m [0m[1m[0mid[0m[0m         = "sdge-dtdes-dev-wus2-iam-role-nla-macie-info-20230316205022434100000004" [90m->[0m [0m[90mnull[0m[0m
      [31m-[0m [0m[1m[0mpolicy_arn[0m[0m = "arn:aws:iam::aws:policy/AmazonMacieFullAccess" [90m->[0m [0m[90mnull[0m[0m
      [31m-[0m [0m[1m[0mrole[0m[0m       = "sdge-dtdes-dev-wus2-iam-role-nla-macie-info" [90m->[0m [0m[90mnull[0m[0m
    }

[1m  # module.iam.aws_iam_role_policy_attachment.MacieAmazonAthenaFullAccess[0m will be created[0m[0m
[0m  [32m+[0m[0m resource "aws_iam_role_policy_attachment" "MacieAmazonAthenaFullAccess" {
      [32m+[0m [0m[1m[0mid[0m[0m         = (known after apply)
      [32m+[0m [0m[1m[0mpolicy_arn[0m[0m = "arn:aws:iam::aws:policy/AmazonAthenaFullAccess"
      [32m+[0m [0m[1m[0mrole[0m[0m       = "sdge-dtdes-dev-wus2-iam-role-nla-macie"
    }

[1m  # module.iam.aws_iam_role_policy_attachment.MacieAmazonMacieFullAccess[0m will be created[0m[0m
[0m  [32m+[0m[0m resource "aws_iam_role_policy_attachment" "MacieAmazonMacieFullAccess" {
      [32m+[0m [0m[1m[0mid[0m[0m         = (known after apply)
      [32m+[0m [0m[1m[0mpolicy_arn[0m[0m = "arn:aws:iam::aws:policy/AmazonMacieFullAccess"
      [32m+[0m [0m[1m[0mrole[0m[0m       = "sdge-dtdes-dev-wus2-iam-role-nla-macie"
    }

[1m  # module.iam.aws_iam_role_policy_attachment.MacieAmazonS3FullAccess[0m will be created[0m[0m
[0m  [32m+[0m[0m resource "aws_iam_role_policy_attachment" "MacieAmazonS3FullAccess" {
      [32m+[0m [0m[1m[0mid[0m[0m         = (known after apply)
      [32m+[0m [0m[1m[0mpolicy_arn[0m[0m = "arn:aws:iam::aws:policy/AmazonS3FullAccess"
      [32m+[0m [0m[1m[0mrole[0m[0m       = "sdge-dtdes-dev-wus2-iam-role-nla-macie"
    }

[1m  # module.iam.aws_iam_role_policy_attachment.TranscribeAmazonAthenaFullAccess[0m will be created[0m[0m
[0m  [32m+[0m[0m resource "aws_iam_role_policy_attachment" "TranscribeAmazonAthenaFullAccess" {
      [32m+[0m [0m[1m[0mid[0m[0m         = (known after apply)
      [32m+[0m [0m[1m[0mpolicy_arn[0m[0m = "arn:aws:iam::aws:policy/AmazonTranscribeFullAccess"
      [32m+[0m [0m[1m[0mrole[0m[0m       = "sdge-dtdes-dev-wus2-iam-role-nla-transcribe"
    }

[1m  # module.iam.aws_iam_role_policy_attachment.TranscribeAmazonS3ReadOnlyAccess[0m will be created[0m[0m
[0m  [32m+[0m[0m resource "aws_iam_role_policy_attachment" "TranscribeAmazonS3ReadOnlyAccess" {
      [32m+[0m [0m[1m[0mid[0m[0m         = (known after apply)
      [32m+[0m [0m[1m[0mpolicy_arn[0m[0m = "arn:aws:iam::aws:policy/AmazonTranscribeFullAccess"
      [32m+[0m [0m[1m[0mrole[0m[0m       = "sdge-dtdes-dev-wus2-iam-role-nla-transcribe"
    }

[1m  # module.iam.aws_iam_role_policy_attachment.comprehend_iam_pass_role_policy[0m will be created[0m[0m
[0m  [32m+[0m[0m resource "aws_iam_role_policy_attachment" "comprehend_iam_pass_role_policy" {
      [32m+[0m [0m[1m[0mid[0m[0m         = (known after apply)
      [32m+[0m [0m[1m[0mpolicy_arn[0m[0m = (known after apply)
      [32m+[0m [0m[1m[0mrole[0m[0m       = "sdge-dtdes-dev-wus2-iam-role-nla-comprehend"
    }

[1m  # module.iam.aws_iam_role_policy_attachment.comprehend_kms_full_access[0m will be created[0m[0m
[0m  [32m+[0m[0m resource "aws_iam_role_policy_attachment" "comprehend_kms_full_access" {
      [32m+[0m [0m[1m[0mid[0m[0m         = (known after apply)
      [32m+[0m [0m[1m[0mpolicy_arn[0m[0m = (known after apply)
      [32m+[0m [0m[1m[0mrole[0m[0m       = "sdge-dtdes-dev-wus2-iam-role-nla-comprehend"
    }

[1m  # module.iam.aws_iam_role_policy_attachment.macie_iam_pass_role_policy[0m will be created[0m[0m
[0m  [32m+[0m[0m resource "aws_iam_role_policy_attachment" "macie_iam_pass_role_policy" {
      [32m+[0m [0m[1m[0mid[0m[0m         = (known after apply)
      [32m+[0m [0m[1m[0mpolicy_arn[0m[0m = (known after apply)
      [32m+[0m [0m[1m[0mrole[0m[0m       = "sdge-dtdes-dev-wus2-iam-role-nla-macie"
    }

[1m  # module.iam.aws_iam_role_policy_attachment.macie_kms_full_access[0m will be created[0m[0m
[0m  [32m+[0m[0m resource "aws_iam_role_policy_attachment" "macie_kms_full_access" {
      [32m+[0m [0m[1m[0mid[0m[0m         = (known after apply)
      [32m+[0m [0m[1m[0mpolicy_arn[0m[0m = (known after apply)
      [32m+[0m [0m[1m[0mrole[0m[0m       = "sdge-dtdes-dev-wus2-iam-role-nla-macie"
    }

[1m  # module.iam.aws_iam_role_policy_attachment.s3_put_read[0m will be created[0m[0m
[0m  [32m+[0m[0m resource "aws_iam_role_policy_attachment" "s3_put_read" {
      [32m+[0m [0m[1m[0mid[0m[0m         = (known after apply)
      [32m+[0m [0m[1m[0mpolicy_arn[0m[0m = (known after apply)
      [32m+[0m [0m[1m[0mrole[0m[0m       = "sdge-dtdes-dev-wus2-iam-role-nla-comprehend"
    }

[1m  # module.iam.aws_iam_role_policy_attachment.transcribe_iam_pass_role_policy[0m will be created[0m[0m
[0m  [32m+[0m[0m resource "aws_iam_role_policy_attachment" "transcribe_iam_pass_role_policy" {
      [32m+[0m [0m[1m[0mid[0m[0m         = (known after apply)
      [32m+[0m [0m[1m[0mpolicy_arn[0m[0m = (known after apply)
      [32m+[0m [0m[1m[0mrole[0m[0m       = "sdge-dtdes-dev-wus2-iam-role-nla-transcribe"
    }

[1m  # module.iam.aws_iam_role_policy_attachment.transcribe_kms_full_access[0m will be created[0m[0m
[0m  [32m+[0m[0m resource "aws_iam_role_policy_attachment" "transcribe_kms_full_access" {
      [32m+[0m [0m[1m[0mid[0m[0m         = (known after apply)
      [32m+[0m [0m[1m[0mpolicy_arn[0m[0m = (known after apply)
      [32m+[0m [0m[1m[0mrole[0m[0m       = "sdge-dtdes-dev-wus2-iam-role-nla-transcribe"
    }

[1m  # module.kms.aws_kms_alias.sns_lambda_kms_key[0m will be created[0m[0m
[0m  [32m+[0m[0m resource "aws_kms_alias" "sns_lambda_kms_key" {
      [32m+[0m [0m[1m[0marn[0m[0m            = (known after apply)
      [32m+[0m [0m[1m[0mid[0m[0m             = (known after apply)
      [32m+[0m [0m[1m[0mname[0m[0m           = "alias/nla-sns_lambda_kms_key"
      [32m+[0m [0m[1m[0mname_prefix[0m[0m    = (known after apply)
      [32m+[0m [0m[1m[0mtarget_key_arn[0m[0m = (known after apply)
      [32m+[0m [0m[1m[0mtarget_key_id[0m[0m  = (known after apply)
    }

[1m  # module.kms.aws_kms_key.athenaresults_kms_key[0m will be updated in-place[0m[0m
[0m  [33m~[0m[0m resource "aws_kms_key" "athenaresults_kms_key" {
        [1m[0mid[0m[0m                                 = "945ab6d1-e249-4d9d-bfc6-f4cc36268774"
      [33m~[0m [0m[1m[0mtags[0m[0m                               = {
          [32m+[0m [0m"billing-guid"        = "3993843B8B8C58852AEA9A4420D3E0CC"
          [32m+[0m [0m"cmdb-ci-id"          = "CI ID as generated by ServiceNow CMDB"
          [32m+[0m [0m"data-classification" = "confidential"
          [32m+[0m [0m"environment"         = "dev"
          [32m+[0m [0m"portfolio"           = "Portfolio associated with the application"
          [32m+[0m [0m"support-group"       = "agile-iac@sdge.com"
          [32m+[0m [0m"tag-version"         = "1"
        }
      [33m~[0m [0m[1m[0mtags_all[0m[0m                           = {
          [32m+[0m [0m"billing-guid"        = "3993843B8B8C58852AEA9A4420D3E0CC"
          [32m+[0m [0m"cmdb-ci-id"          = "CI ID as generated by ServiceNow CMDB"
          [32m+[0m [0m"data-classification" = "confidential"
          [32m+[0m [0m"environment"         = "dev"
          [32m+[0m [0m"portfolio"           = "Portfolio associated with the application"
          [32m+[0m [0m"support-group"       = "agile-iac@sdge.com"
          [32m+[0m [0m"tag-version"         = "1"
        }
        [90m# (11 unchanged attributes hidden)[0m[0m
    }

[1m  # module.kms.aws_kms_key.clean_kms_key[0m will be updated in-place[0m[0m
[0m  [33m~[0m[0m resource "aws_kms_key" "clean_kms_key" {
        [1m[0mid[0m[0m                                 = "49e7c51f-f0b7-463f-a6e2-edab317317df"
      [33m~[0m [0m[1m[0mtags[0m[0m                               = {
          [32m+[0m [0m"billing-guid"        = "3993843B8B8C58852AEA9A4420D3E0CC"
          [32m+[0m [0m"cmdb-ci-id"          = "CI ID as generated by ServiceNow CMDB"
          [32m+[0m [0m"data-classification" = "confidential"
          [32m+[0m [0m"environment"         = "dev"
          [32m+[0m [0m"portfolio"           = "Portfolio associated with the application"
          [32m+[0m [0m"support-group"       = "agile-iac@sdge.com"
          [32m+[0m [0m"tag-version"         = "1"
        }
      [33m~[0m [0m[1m[0mtags_all[0m[0m                           = {
          [32m+[0m [0m"billing-guid"        = "3993843B8B8C58852AEA9A4420D3E0CC"
          [32m+[0m [0m"cmdb-ci-id"          = "CI ID as generated by ServiceNow CMDB"
          [32m+[0m [0m"data-classification" = "confidential"
          [32m+[0m [0m"environment"         = "dev"
          [32m+[0m [0m"portfolio"           = "Portfolio associated with the application"
          [32m+[0m [0m"support-group"       = "agile-iac@sdge.com"
          [32m+[0m [0m"tag-version"         = "1"
        }
        [90m# (11 unchanged attributes hidden)[0m[0m
    }

[1m  # module.kms.aws_kms_key.dirty_kms_key[0m will be updated in-place[0m[0m
[0m  [33m~[0m[0m resource "aws_kms_key" "dirty_kms_key" {
        [1m[0mid[0m[0m                                 = "0e7ee8bd-7e7b-4ae1-b782-0e55f0d1d0ac"
      [33m~[0m [0m[1m[0mtags[0m[0m                               = {
          [32m+[0m [0m"billing-guid"        = "3993843B8B8C58852AEA9A4420D3E0CC"
          [32m+[0m [0m"cmdb-ci-id"          = "CI ID as generated by ServiceNow CMDB"
          [32m+[0m [0m"data-classification" = "confidential"
          [32m+[0m [0m"environment"         = "dev"
          [32m+[0m [0m"portfolio"           = "Portfolio associated with the application"
          [32m+[0m [0m"support-group"       = "agile-iac@sdge.com"
          [32m+[0m [0m"tag-version"         = "1"
        }
      [33m~[0m [0m[1m[0mtags_all[0m[0m                           = {
          [32m+[0m [0m"billing-guid"        = "3993843B8B8C58852AEA9A4420D3E0CC"
          [32m+[0m [0m"cmdb-ci-id"          = "CI ID as generated by ServiceNow CMDB"
          [32m+[0m [0m"data-classification" = "confidential"
          [32m+[0m [0m"environment"         = "dev"
          [32m+[0m [0m"portfolio"           = "Portfolio associated with the application"
          [32m+[0m [0m"support-group"       = "agile-iac@sdge.com"
          [32m+[0m [0m"tag-version"         = "1"
        }
        [90m# (11 unchanged attributes hidden)[0m[0m
    }

[1m  # module.kms.aws_kms_key.initial_kms_key[0m will be updated in-place[0m[0m
[0m  [33m~[0m[0m resource "aws_kms_key" "initial_kms_key" {
        [1m[0mid[0m[0m                                 = "aa228f2a-16f0-4b33-90b6-41169c5c0980"
      [33m~[0m [0m[1m[0mtags[0m[0m                               = {
          [32m+[0m [0m"billing-guid"        = "3993843B8B8C58852AEA9A4420D3E0CC"
          [32m+[0m [0m"cmdb-ci-id"          = "CI ID as generated by ServiceNow CMDB"
          [32m+[0m [0m"data-classification" = "confidential"
          [32m+[0m [0m"environment"         = "dev"
          [32m+[0m [0m"portfolio"           = "Portfolio associated with the application"
          [32m+[0m [0m"support-group"       = "agile-iac@sdge.com"
          [32m+[0m [0m"tag-version"         = "1"
        }
      [33m~[0m [0m[1m[0mtags_all[0m[0m                           = {
          [32m+[0m [0m"billing-guid"        = "3993843B8B8C58852AEA9A4420D3E0CC"
          [32m+[0m [0m"cmdb-ci-id"          = "CI ID as generated by ServiceNow CMDB"
          [32m+[0m [0m"data-classification" = "confidential"
          [32m+[0m [0m"environment"         = "dev"
          [32m+[0m [0m"portfolio"           = "Portfolio associated with the application"
          [32m+[0m [0m"support-group"       = "agile-iac@sdge.com"
          [32m+[0m [0m"tag-version"         = "1"
        }
        [90m# (11 unchanged attributes hidden)[0m[0m
    }

[1m  # module.kms.aws_kms_key.maciefindings_kms_key[0m will be updated in-place[0m[0m
[0m  [33m~[0m[0m resource "aws_kms_key" "maciefindings_kms_key" {
        [1m[0mid[0m[0m                                 = "66f5b1d4-85a6-49c8-b37a-57f838c9b299"
      [33m~[0m [0m[1m[0mtags[0m[0m                               = {
          [32m+[0m [0m"billing-guid"        = "3993843B8B8C58852AEA9A4420D3E0CC"
          [32m+[0m [0m"cmdb-ci-id"          = "CI ID as generated by ServiceNow CMDB"
          [32m+[0m [0m"data-classification" = "confidential"
          [32m+[0m [0m"environment"         = "dev"
          [32m+[0m [0m"portfolio"           = "Portfolio associated with the application"
          [32m+[0m [0m"support-group"       = "agile-iac@sdge.com"
          [32m+[0m [0m"tag-version"         = "1"
        }
      [33m~[0m [0m[1m[0mtags_all[0m[0m                           = {
          [32m+[0m [0m"billing-guid"        = "3993843B8B8C58852AEA9A4420D3E0CC"
          [32m+[0m [0m"cmdb-ci-id"          = "CI ID as generated by ServiceNow CMDB"
          [32m+[0m [0m"data-classification" = "confidential"
          [32m+[0m [0m"environment"         = "dev"
          [32m+[0m [0m"portfolio"           = "Portfolio associated with the application"
          [32m+[0m [0m"support-group"       = "agile-iac@sdge.com"
          [32m+[0m [0m"tag-version"         = "1"
        }
        [90m# (11 unchanged attributes hidden)[0m[0m
    }

[1m  # module.kms.aws_kms_key.piimetadata_kms_key[0m will be updated in-place[0m[0m
[0m  [33m~[0m[0m resource "aws_kms_key" "piimetadata_kms_key" {
        [1m[0mid[0m[0m                                 = "c342074a-5cc8-4e35-8c7d-e1036546e40f"
      [33m~[0m [0m[1m[0mtags[0m[0m                               = {
          [32m+[0m [0m"billing-guid"        = "3993843B8B8C58852AEA9A4420D3E0CC"
          [32m+[0m [0m"cmdb-ci-id"          = "CI ID as generated by ServiceNow CMDB"
          [32m+[0m [0m"data-classification" = "confidential"
          [32m+[0m [0m"environment"         = "dev"
          [32m+[0m [0m"portfolio"           = "Portfolio associated with the application"
          [32m+[0m [0m"support-group"       = "agile-iac@sdge.com"
          [32m+[0m [0m"tag-version"         = "1"
        }
      [33m~[0m [0m[1m[0mtags_all[0m[0m                           = {
          [32m+[0m [0m"billing-guid"        = "3993843B8B8C58852AEA9A4420D3E0CC"
          [32m+[0m [0m"cmdb-ci-id"          = "CI ID as generated by ServiceNow CMDB"
          [32m+[0m [0m"data-classification" = "confidential"
          [32m+[0m [0m"environment"         = "dev"
          [32m+[0m [0m"portfolio"           = "Portfolio associated with the application"
          [32m+[0m [0m"support-group"       = "agile-iac@sdge.com"
          [32m+[0m [0m"tag-version"         = "1"
        }
        [90m# (11 unchanged attributes hidden)[0m[0m
    }

[1m  # module.kms.aws_kms_key.sns_lambda_kms_key[0m will be created[0m[0m
[0m  [32m+[0m[0m resource "aws_kms_key" "sns_lambda_kms_key" {
      [32m+[0m [0m[1m[0marn[0m[0m                                = (known after apply)
      [32m+[0m [0m[1m[0mbypass_policy_lockout_safety_check[0m[0m = false
      [32m+[0m [0m[1m[0mcustomer_master_key_spec[0m[0m           = "SYMMETRIC_DEFAULT"
      [32m+[0m [0m[1m[0mdeletion_window_in_days[0m[0m            = 10
      [32m+[0m [0m[1m[0mdescription[0m[0m                        = "This key is used to encrypt bucket objects"
      [32m+[0m [0m[1m[0menable_key_rotation[0m[0m                = true
      [32m+[0m [0m[1m[0mid[0m[0m                                 = (known after apply)
      [32m+[0m [0m[1m[0mis_enabled[0m[0m                         = true
      [32m+[0m [0m[1m[0mkey_id[0m[0m                             = (known after apply)
      [32m+[0m [0m[1m[0mkey_usage[0m[0m                          = "ENCRYPT_DECRYPT"
      [32m+[0m [0m[1m[0mmulti_region[0m[0m                       = (known after apply)
      [32m+[0m [0m[1m[0mpolicy[0m[0m                             = (known after apply)
      [32m+[0m [0m[1m[0mtags[0m[0m                               = {
          [32m+[0m [0m"billing-guid"        = "3993843B8B8C58852AEA9A4420D3E0CC"
          [32m+[0m [0m"cmdb-ci-id"          = "CI ID as generated by ServiceNow CMDB"
          [32m+[0m [0m"data-classification" = "confidential"
          [32m+[0m [0m"environment"         = "dev"
          [32m+[0m [0m"portfolio"           = "Portfolio associated with the application"
          [32m+[0m [0m"support-group"       = "agile-iac@sdge.com"
          [32m+[0m [0m"tag-version"         = "1"
        }
      [32m+[0m [0m[1m[0mtags_all[0m[0m                           = {
          [32m+[0m [0m"billing-guid"        = "3993843B8B8C58852AEA9A4420D3E0CC"
          [32m+[0m [0m"cmdb-ci-id"          = "CI ID as generated by ServiceNow CMDB"
          [32m+[0m [0m"data-classification" = "confidential"
          [32m+[0m [0m"environment"         = "dev"
          [32m+[0m [0m"portfolio"           = "Portfolio associated with the application"
          [32m+[0m [0m"support-group"       = "agile-iac@sdge.com"
          [32m+[0m [0m"tag-version"         = "1"
        }
    }

[1m  # module.kms.aws_kms_key.unrefined_kms_key[0m will be updated in-place[0m[0m
[0m  [33m~[0m[0m resource "aws_kms_key" "unrefined_kms_key" {
        [1m[0mid[0m[0m                                 = "6ed85f98-c89a-4a63-99d5-4581dd824626"
      [33m~[0m [0m[1m[0mtags[0m[0m                               = {
          [32m+[0m [0m"billing-guid"        = "3993843B8B8C58852AEA9A4420D3E0CC"
          [32m+[0m [0m"cmdb-ci-id"          = "CI ID as generated by ServiceNow CMDB"
          [32m+[0m [0m"data-classification" = "confidential"
          [32m+[0m [0m"environment"         = "dev"
          [32m+[0m [0m"portfolio"           = "Portfolio associated with the application"
          [32m+[0m [0m"support-group"       = "agile-iac@sdge.com"
          [32m+[0m [0m"tag-version"         = "1"
        }
      [33m~[0m [0m[1m[0mtags_all[0m[0m                           = {
          [32m+[0m [0m"billing-guid"        = "3993843B8B8C58852AEA9A4420D3E0CC"
          [32m+[0m [0m"cmdb-ci-id"          = "CI ID as generated by ServiceNow CMDB"
          [32m+[0m [0m"data-classification" = "confidential"
          [32m+[0m [0m"environment"         = "dev"
          [32m+[0m [0m"portfolio"           = "Portfolio associated with the application"
          [32m+[0m [0m"support-group"       = "agile-iac@sdge.com"
          [32m+[0m [0m"tag-version"         = "1"
        }
        [90m# (11 unchanged attributes hidden)[0m[0m
    }

[1m  # module.kms.aws_kms_key.verified_clean_kms_key[0m will be updated in-place[0m[0m
[0m  [33m~[0m[0m resource "aws_kms_key" "verified_clean_kms_key" {
        [1m[0mid[0m[0m                                 = "551d47b3-97af-415b-ae31-71b6b7bc4cc0"
      [33m~[0m [0m[1m[0mtags[0m[0m                               = {
          [32m+[0m [0m"billing-guid"        = "3993843B8B8C58852AEA9A4420D3E0CC"
          [32m+[0m [0m"cmdb-ci-id"          = "CI ID as generated by ServiceNow CMDB"
          [32m+[0m [0m"data-classification" = "confidential"
          [32m+[0m [0m"environment"         = "dev"
          [32m+[0m [0m"portfolio"           = "Portfolio associated with the application"
          [32m+[0m [0m"support-group"       = "agile-iac@sdge.com"
          [32m+[0m [0m"tag-version"         = "1"
        }
      [33m~[0m [0m[1m[0mtags_all[0m[0m                           = {
          [32m+[0m [0m"billing-guid"        = "3993843B8B8C58852AEA9A4420D3E0CC"
          [32m+[0m [0m"cmdb-ci-id"          = "CI ID as generated by ServiceNow CMDB"
          [32m+[0m [0m"data-classification" = "confidential"
          [32m+[0m [0m"environment"         = "dev"
          [32m+[0m [0m"portfolio"           = "Portfolio associated with the application"
          [32m+[0m [0m"support-group"       = "agile-iac@sdge.com"
          [32m+[0m [0m"tag-version"         = "1"
        }
        [90m# (11 unchanged attributes hidden)[0m[0m
    }

[1m  # module.s3.module.ccc_piimetadata_bucket.aws_s3_bucket_policy.ssl-access-only-for-bucket[0][0m will be created[0m[0m
[0m  [32m+[0m[0m resource "aws_s3_bucket_policy" "ssl-access-only-for-bucket" {
      [32m+[0m [0m[1m[0mbucket[0m[0m = (known after apply)
      [32m+[0m [0m[1m[0mid[0m[0m     = (known after apply)
      [32m+[0m [0m[1m[0mpolicy[0m[0m = (known after apply)
    }

[1m  # module.s3.module.ccc_unrefined_call_data_bucket.aws_s3_bucket_policy.ssl-access-only-for-bucket[0][0m will be created[0m[0m
[0m  [32m+[0m[0m resource "aws_s3_bucket_policy" "ssl-access-only-for-bucket" {
      [32m+[0m [0m[1m[0mbucket[0m[0m = (known after apply)
      [32m+[0m [0m[1m[0mid[0m[0m     = (known after apply)
      [32m+[0m [0m[1m[0mpolicy[0m[0m = (known after apply)
    }

[1m  # module.lambda.module.ccc_audit_call_lambda.module.lambda_function.aws_lambda_function.this[0][0m will be updated in-place[0m[0m
[0m  [33m~[0m[0m resource "aws_lambda_function" "this" {
      [31m-[0m [0m[1m[0mfilename[0m[0m                       = "./../../backend/python/src/zip_packages/ccc-audit-call-lambda.zip" [90m->[0m [0m[90mnull[0m[0m
        [1m[0mid[0m[0m                             = "sdge-dtdes-dev-wus2-lambda-audit-call-lambda"
      [33m~[0m [0m[1m[0mlast_modified[0m[0m                  = "2023-03-21T08:19:13.000+0000" [33m->[0m [0m(known after apply)
      [33m~[0m [0m[1m[0mqualified_arn[0m[0m                  = "arn:aws:lambda:us-west-2:183095018968:function:sdge-dtdes-dev-wus2-lambda-audit-call-lambda:4" [33m->[0m [0m(known after apply)
      [33m~[0m [0m[1m[0mqualified_invoke_arn[0m[0m           = "arn:aws:apigateway:us-west-2:lambda:path/2015-03-31/functions/arn:aws:lambda:us-west-2:183095018968:function:sdge-dtdes-dev-wus2-lambda-audit-call-lambda:4/invocations" [33m->[0m [0m(known after apply)
      [32m+[0m [0m[1m[0ms3_bucket[0m[0m                      = "sdge-dtdes-dev-wus2-s3-tf-artifacts"
      [32m+[0m [0m[1m[0ms3_key[0m[0m                         = "ccc-audit-call-lambda.zip"
        [1m[0mtags[0m[0m                           = {
            "billing-guid"        = "3993843B8B8C58852AEA9A4420D3E0CC"
            "cmdb-ci-id"          = "CI ID as generated by ServiceNow CMDB"
            "data-classification" = "confidential"
            "environment"         = "dev"
            "name"                = "sdge-dtdes-dev-wus2-audit-call"
            "portfolio"           = "Portfolio associated with the application"
            "support-group"       = "agile-iac@sdge.com"
            "tag-version"         = "1"
        }
      [33m~[0m [0m[1m[0mversion[0m[0m                        = "4" [33m->[0m [0m(known after apply)
        [90m# (18 unchanged attributes hidden)[0m[0m

        [90m# (2 unchanged blocks hidden)[0m[0m
    }

[1m  # module.lambda.module.ccc_comprehend_lambda.module.lambda_function.aws_lambda_function.this[0][0m will be updated in-place[0m[0m
[0m  [33m~[0m[0m resource "aws_lambda_function" "this" {
      [31m-[0m [0m[1m[0mfilename[0m[0m                       = "./../../backend/python/src/zip_packages/ccc-comprehend-lambda.zip" [90m->[0m [0m[90mnull[0m[0m
        [1m[0mid[0m[0m                             = "sdge-dtdes-dev-wus2-lambda-comprehend-lambda"
      [33m~[0m [0m[1m[0mlast_modified[0m[0m                  = "2023-03-21T08:18:50.000+0000" [33m->[0m [0m(known after apply)
      [33m~[0m [0m[1m[0mqualified_arn[0m[0m                  = "arn:aws:lambda:us-west-2:183095018968:function:sdge-dtdes-dev-wus2-lambda-comprehend-lambda:5" [33m->[0m [0m(known after apply)
      [33m~[0m [0m[1m[0mqualified_invoke_arn[0m[0m           = "arn:aws:apigateway:us-west-2:lambda:path/2015-03-31/functions/arn:aws:lambda:us-west-2:183095018968:function:sdge-dtdes-dev-wus2-lambda-comprehend-lambda:5/invocations" [33m->[0m [0m(known after apply)
      [32m+[0m [0m[1m[0ms3_bucket[0m[0m                      = "sdge-dtdes-dev-wus2-s3-tf-artifacts"
      [32m+[0m [0m[1m[0ms3_key[0m[0m                         = "ccc-comprehend-lambda.zip"
        [1m[0mtags[0m[0m                           = {
            "billing-guid"        = "3993843B8B8C58852AEA9A4420D3E0CC"
            "cmdb-ci-id"          = "CI ID as generated by ServiceNow CMDB"
            "data-classification" = "confidential"
            "environment"         = "dev"
            "name"                = "sdge-dtdes-dev-wus2-comprehend"
            "portfolio"           = "Portfolio associated with the application"
            "support-group"       = "agile-iac@sdge.com"
            "tag-version"         = "1"
        }
      [33m~[0m [0m[1m[0mversion[0m[0m                        = "5" [33m->[0m [0m(known after apply)
        [90m# (18 unchanged attributes hidden)[0m[0m

        [90m# (3 unchanged blocks hidden)[0m[0m
    }

[1m  # module.lambda.module.ccc_informational_macie_lambda.module.lambda_function.aws_lambda_function.this[0][0m will be updated in-place[0m[0m
[0m  [33m~[0m[0m resource "aws_lambda_function" "this" {
      [31m-[0m [0m[1m[0mfilename[0m[0m                       = "./../../backend/python/src/zip_packages/ccc-informational-macie-lambda.zip" [90m->[0m [0m[90mnull[0m[0m
        [1m[0mid[0m[0m                             = "sdge-dtdes-dev-wus2-lambda-info-macie-lambda"
      [33m~[0m [0m[1m[0mlast_modified[0m[0m                  = "2023-03-21T08:18:56.000+0000" [33m->[0m [0m(known after apply)
      [33m~[0m [0m[1m[0mqualified_arn[0m[0m                  = "arn:aws:lambda:us-west-2:183095018968:function:sdge-dtdes-dev-wus2-lambda-info-macie-lambda:4" [33m->[0m [0m(known after apply)
      [33m~[0m [0m[1m[0mqualified_invoke_arn[0m[0m           = "arn:aws:apigateway:us-west-2:lambda:path/2015-03-31/functions/arn:aws:lambda:us-west-2:183095018968:function:sdge-dtdes-dev-wus2-lambda-info-macie-lambda:4/invocations" [33m->[0m [0m(known after apply)
      [32m+[0m [0m[1m[0ms3_bucket[0m[0m                      = "sdge-dtdes-dev-wus2-s3-tf-artifacts"
      [32m+[0m [0m[1m[0ms3_key[0m[0m                         = "ccc-informational-macie-lambda.zip"
        [1m[0mtags[0m[0m                           = {
            "billing-guid"        = "3993843B8B8C58852AEA9A4420D3E0CC"
            "cmdb-ci-id"          = "CI ID as generated by ServiceNow CMDB"
            "data-classification" = "confidential"
            "environment"         = "dev"
            "name"                = "sdge-dtdes-dev-wus2-info-macie"
            "portfolio"           = "Portfolio associated with the application"
            "support-group"       = "agile-iac@sdge.com"
            "tag-version"         = "1"
        }
      [33m~[0m [0m[1m[0mversion[0m[0m                        = "4" [33m->[0m [0m(known after apply)
        [90m# (18 unchanged attributes hidden)[0m[0m

        [90m# (3 unchanged blocks hidden)[0m[0m
    }

[1m  # module.lambda.module.ccc_macie_lambda.module.lambda_function.aws_lambda_function.this[0][0m will be updated in-place[0m[0m
[0m  [33m~[0m[0m resource "aws_lambda_function" "this" {
      [31m-[0m [0m[1m[0mfilename[0m[0m                       = "./../../backend/python/src/zip_packages/ccc-macie-lambda.zip" [90m->[0m [0m[90mnull[0m[0m
        [1m[0mid[0m[0m                             = "sdge-dtdes-dev-wus2-lambda-macie-lambda"
      [33m~[0m [0m[1m[0mlast_modified[0m[0m                  = "2023-03-21T08:19:07.000+0000" [33m->[0m [0m(known after apply)
      [33m~[0m [0m[1m[0mqualified_arn[0m[0m                  = "arn:aws:lambda:us-west-2:183095018968:function:sdge-dtdes-dev-wus2-lambda-macie-lambda:4" [33m->[0m [0m(known after apply)
      [33m~[0m [0m[1m[0mqualified_invoke_arn[0m[0m           = "arn:aws:apigateway:us-west-2:lambda:path/2015-03-31/functions/arn:aws:lambda:us-west-2:183095018968:function:sdge-dtdes-dev-wus2-lambda-macie-lambda:4/invocations" [33m->[0m [0m(known after apply)
      [32m+[0m [0m[1m[0ms3_bucket[0m[0m                      = "sdge-dtdes-dev-wus2-s3-tf-artifacts"
      [32m+[0m [0m[1m[0ms3_key[0m[0m                         = "ccc-macie-lambda.zip"
        [1m[0mtags[0m[0m                           = {
            "billing-guid"        = "3993843B8B8C58852AEA9A4420D3E0CC"
            "cmdb-ci-id"          = "CI ID as generated by ServiceNow CMDB"
            "data-classification" = "confidential"
            "environment"         = "dev"
            "name"                = "sdge-dtdes-dev-wus2-macie"
            "portfolio"           = "Portfolio associated with the application"
            "support-group"       = "agile-iac@sdge.com"
            "tag-version"         = "1"
        }
      [33m~[0m [0m[1m[0mversion[0m[0m                        = "4" [33m->[0m [0m(known after apply)
        [90m# (18 unchanged attributes hidden)[0m[0m

        [90m# (3 unchanged blocks hidden)[0m[0m
    }

[1m  # module.lambda.module.ccc_macie_scan_trigger_lambda.module.lambda_function.aws_lambda_function.this[0][0m will be updated in-place[0m[0m
[0m  [33m~[0m[0m resource "aws_lambda_function" "this" {
      [31m-[0m [0m[1m[0mfilename[0m[0m                       = "./../../backend/python/src/zip_packages/ccc-macie-scan-trigger-lambda.zip" [90m->[0m [0m[90mnull[0m[0m
        [1m[0mid[0m[0m                             = "sdge-dtdes-dev-wus2-lambda-macie-scan-lambda"
      [33m~[0m [0m[1m[0mlast_modified[0m[0m                  = "2023-03-21T08:18:44.000+0000" [33m->[0m [0m(known after apply)
      [33m~[0m [0m[1m[0mqualified_arn[0m[0m                  = "arn:aws:lambda:us-west-2:183095018968:function:sdge-dtdes-dev-wus2-lambda-macie-scan-lambda:4" [33m->[0m [0m(known after apply)
      [33m~[0m [0m[1m[0mqualified_invoke_arn[0m[0m           = "arn:aws:apigateway:us-west-2:lambda:path/2015-03-31/functions/arn:aws:lambda:us-west-2:183095018968:function:sdge-dtdes-dev-wus2-lambda-macie-scan-lambda:4/invocations" [33m->[0m [0m(known after apply)
      [32m+[0m [0m[1m[0ms3_bucket[0m[0m                      = "sdge-dtdes-dev-wus2-s3-tf-artifacts"
      [32m+[0m [0m[1m[0ms3_key[0m[0m                         = "ccc-macie-scan-trigger-lambda.zip"
        [1m[0mtags[0m[0m                           = {
            "billing-guid"        = "3993843B8B8C58852AEA9A4420D3E0CC"
            "cmdb-ci-id"          = "CI ID as generated by ServiceNow CMDB"
            "data-classification" = "confidential"
            "environment"         = "dev"
            "name"                = "sdge-dtdes-dev-wus2-macie-scan"
            "portfolio"           = "Portfolio associated with the application"
            "support-group"       = "agile-iac@sdge.com"
            "tag-version"         = "1"
        }
      [33m~[0m [0m[1m[0mversion[0m[0m                        = "4" [33m->[0m [0m(known after apply)
        [90m# (18 unchanged attributes hidden)[0m[0m

        [90m# (3 unchanged blocks hidden)[0m[0m
    }

[1m  # module.lambda.module.ccc_notification_forwarder_lambda.module.lambda_function.aws_lambda_function.this[0][0m will be updated in-place[0m[0m
[0m  [33m~[0m[0m resource "aws_lambda_function" "this" {
      [31m-[0m [0m[1m[0mfilename[0m[0m                       = "./../../backend/python/src/zip_packages/ccc-notification-forwarder-lambda.zip" [90m->[0m [0m[90mnull[0m[0m
        [1m[0mid[0m[0m                             = "sdge-dtdes-dev-wus2-lambda-notification-lambda"
      [32m+[0m [0m[1m[0mkms_key_arn[0m[0m                    = (known after apply)
      [33m~[0m [0m[1m[0mlast_modified[0m[0m                  = "2023-03-21T08:19:02.000+0000" [33m->[0m [0m(known after apply)
      [33m~[0m [0m[1m[0mqualified_arn[0m[0m                  = "arn:aws:lambda:us-west-2:183095018968:function:sdge-dtdes-dev-wus2-lambda-notification-lambda:3" [33m->[0m [0m(known after apply)
      [33m~[0m [0m[1m[0mqualified_invoke_arn[0m[0m           = "arn:aws:apigateway:us-west-2:lambda:path/2015-03-31/functions/arn:aws:lambda:us-west-2:183095018968:function:sdge-dtdes-dev-wus2-lambda-notification-lambda:3/invocations" [33m->[0m [0m(known after apply)
      [32m+[0m [0m[1m[0ms3_bucket[0m[0m                      = "sdge-dtdes-dev-wus2-s3-tf-artifacts"
      [32m+[0m [0m[1m[0ms3_key[0m[0m                         = "ccc-notification-forwarder-lambda.zip"
        [1m[0mtags[0m[0m                           = {
            "billing-guid"        = "3993843B8B8C58852AEA9A4420D3E0CC"
            "cmdb-ci-id"          = "CI ID as generated by ServiceNow CMDB"
            "data-classification" = "confidential"
            "environment"         = "dev"
            "name"                = "sdge-dtdes-dev-wus2-notification"
            "portfolio"           = "Portfolio associated with the application"
            "support-group"       = "agile-iac@sdge.com"
            "tag-version"         = "1"
        }
      [33m~[0m [0m[1m[0mversion[0m[0m                        = "3" [33m->[0m [0m(known after apply)
        [90m# (18 unchanged attributes hidden)[0m[0m

        [90m# (2 unchanged blocks hidden)[0m[0m
    }

[1m  # module.lambda.module.ccc_transcribe_lambda.module.lambda_function.aws_lambda_function.this[0][0m will be updated in-place[0m[0m
[0m  [33m~[0m[0m resource "aws_lambda_function" "this" {
      [31m-[0m [0m[1m[0mfilename[0m[0m                       = "./../../../backend/python/src/zip_packages/ccc-transcribe-lambda.zip" [90m->[0m [0m[90mnull[0m[0m
        [1m[0mid[0m[0m                             = "sdge-dtdes-dev-wus2-lambda-transcribe"
      [33m~[0m [0m[1m[0mlast_modified[0m[0m                  = "2023-03-21T13:28:00.000+0000" [33m->[0m [0m(known after apply)
      [33m~[0m [0m[1m[0mqualified_arn[0m[0m                  = "arn:aws:lambda:us-west-2:183095018968:function:sdge-dtdes-dev-wus2-lambda-transcribe:3" [33m->[0m [0m(known after apply)
      [33m~[0m [0m[1m[0mqualified_invoke_arn[0m[0m           = "arn:aws:apigateway:us-west-2:lambda:path/2015-03-31/functions/arn:aws:lambda:us-west-2:183095018968:function:sdge-dtdes-dev-wus2-lambda-transcribe:3/invocations" [33m->[0m [0m(known after apply)
      [32m+[0m [0m[1m[0ms3_bucket[0m[0m                      = "sdge-dtdes-dev-wus2-s3-tf-artifacts"
      [32m+[0m [0m[1m[0ms3_key[0m[0m                         = "ccc-transcribe-lambda.zip"
        [1m[0mtags[0m[0m                           = {
            "billing-guid"        = "3993843B8B8C58852AEA9A4420D3E0CC"
            "cmdb-ci-id"          = "CI ID as generated by ServiceNow CMDB"
            "data-classification" = "confidential"
            "environment"         = "dev"
            "name"                = "sdge-dtdes-dev-wus2-lambda-transcribe"
            "portfolio"           = "Portfolio associated with the application"
            "support-group"       = "agile-iac@sdge.com"
            "tag-version"         = "1"
        }
      [33m~[0m [0m[1m[0mversion[0m[0m                        = "3" [33m->[0m [0m(known after apply)
        [90m# (18 unchanged attributes hidden)[0m[0m

      [33m~[0m [0menvironment {
          [33m~[0m [0m[1m[0mvariables[0m[0m = {
              [31m-[0m [0m"CONF_DESTINATION_BUCKET_NAME" = "sdge-dtdes-dev-wus2-s3-nla-pii-transcription-s3"
              [31m-[0m [0m"CONF_S3BUCKET_OUTPUT"         = "sdge-dtdes-dev-wus2-s3-nla-unrefined-s3"
            } [33m->[0m [0m(known after apply)
        }

        [90m# (2 unchanged blocks hidden)[0m[0m
    }

[1m  # module.lambda.module.ccc_transcribe_lambda.module.lambda_function.aws_lambda_permission.current_version_triggers["AllowExecutionFromS3Bucket"][0m will be created[0m[0m
[0m  [32m+[0m[0m resource "aws_lambda_permission" "current_version_triggers" {
      [32m+[0m [0m[1m[0maction[0m[0m              = "lambda:InvokeFunction"
      [32m+[0m [0m[1m[0mfunction_name[0m[0m       = "sdge-dtdes-dev-wus2-lambda-transcribe"
      [32m+[0m [0m[1m[0mid[0m[0m                  = (known after apply)
      [32m+[0m [0m[1m[0mprincipal[0m[0m           = "s3.amazonaws.com"
      [32m+[0m [0m[1m[0mqualifier[0m[0m           = (known after apply)
      [32m+[0m [0m[1m[0msource_arn[0m[0m          = (known after apply)
      [32m+[0m [0m[1m[0mstatement_id[0m[0m        = "AllowExecutionFromS3Bucket"
      [32m+[0m [0m[1m[0mstatement_id_prefix[0m[0m = (known after apply)
    }

[1m  # module.lambda.module.ccc_transcribe_lambda.module.lambda_function.aws_lambda_permission.unqualified_alias_triggers["AllowExecutionFromS3Bucket"][0m will be created[0m[0m
[0m  [32m+[0m[0m resource "aws_lambda_permission" "unqualified_alias_triggers" {
      [32m+[0m [0m[1m[0maction[0m[0m              = "lambda:InvokeFunction"
      [32m+[0m [0m[1m[0mfunction_name[0m[0m       = "sdge-dtdes-dev-wus2-lambda-transcribe"
      [32m+[0m [0m[1m[0mid[0m[0m                  = (known after apply)
      [32m+[0m [0m[1m[0mprincipal[0m[0m           = "s3.amazonaws.com"
      [32m+[0m [0m[1m[0msource_arn[0m[0m          = (known after apply)
      [32m+[0m [0m[1m[0mstatement_id[0m[0m        = "AllowExecutionFromS3Bucket"
      [32m+[0m [0m[1m[0mstatement_id_prefix[0m[0m = (known after apply)
    }

[1m  # module.s3.module.ccc_athenaresults_bucket.module.s3-bucket.aws_s3_bucket_server_side_encryption_configuration.this[0][0m will be updated in-place[0m[0m
[0m  [33m~[0m[0m resource "aws_s3_bucket_server_side_encryption_configuration" "this" {
        [1m[0mid[0m[0m     = "sdge-dtdes-dev-wus2-s3-nla-athena-results"
        [90m# (1 unchanged attribute hidden)[0m[0m

      [31m-[0m [0mrule {
          [31m-[0m [0m[1m[0mbucket_key_enabled[0m[0m = false [90m->[0m [0m[90mnull[0m[0m

          [31m-[0m [0mapply_server_side_encryption_by_default {
              [31m-[0m [0m[1m[0msse_algorithm[0m[0m = "AES256" [90m->[0m [0m[90mnull[0m[0m
            }
        }
      [32m+[0m [0mrule {
          [32m+[0m [0mapply_server_side_encryption_by_default {
              [32m+[0m [0m[1m[0mkms_master_key_id[0m[0m = "arn:aws:kms:us-west-2:183095018968:key/945ab6d1-e249-4d9d-bfc6-f4cc36268774"
              [32m+[0m [0m[1m[0msse_algorithm[0m[0m     = "aws:kms"
            }
        }
    }

[1m  # module.s3.module.ccc_cleaned_bucket.module.s3-bucket.aws_s3_bucket_server_side_encryption_configuration.this[0][0m will be updated in-place[0m[0m
[0m  [33m~[0m[0m resource "aws_s3_bucket_server_side_encryption_configuration" "this" {
        [1m[0mid[0m[0m     = "sdge-dtdes-dev-wus2-s3-nla-cleaned"
        [90m# (1 unchanged attribute hidden)[0m[0m

      [31m-[0m [0mrule {
          [31m-[0m [0m[1m[0mbucket_key_enabled[0m[0m = false [90m->[0m [0m[90mnull[0m[0m

          [31m-[0m [0mapply_server_side_encryption_by_default {
              [31m-[0m [0m[1m[0msse_algorithm[0m[0m = "AES256" [90m->[0m [0m[90mnull[0m[0m
            }
        }
      [32m+[0m [0mrule {
          [32m+[0m [0mapply_server_side_encryption_by_default {
              [32m+[0m [0m[1m[0mkms_master_key_id[0m[0m = "arn:aws:kms:us-west-2:183095018968:key/49e7c51f-f0b7-463f-a6e2-edab317317df"
              [32m+[0m [0m[1m[0msse_algorithm[0m[0m     = "aws:kms"
            }
        }
    }

[1m  # module.s3.module.ccc_dirty_bucket.module.s3-bucket.aws_s3_bucket_server_side_encryption_configuration.this[0][0m will be updated in-place[0m[0m
[0m  [33m~[0m[0m resource "aws_s3_bucket_server_side_encryption_configuration" "this" {
        [1m[0mid[0m[0m     = "sdge-dtdes-dev-wus2-s3-nla-dirty"
        [90m# (1 unchanged attribute hidden)[0m[0m

      [31m-[0m [0mrule {
          [31m-[0m [0m[1m[0mbucket_key_enabled[0m[0m = false [90m->[0m [0m[90mnull[0m[0m

          [31m-[0m [0mapply_server_side_encryption_by_default {
              [31m-[0m [0m[1m[0msse_algorithm[0m[0m = "AES256" [90m->[0m [0m[90mnull[0m[0m
            }
        }
      [32m+[0m [0mrule {
          [32m+[0m [0mapply_server_side_encryption_by_default {
              [32m+[0m [0m[1m[0mkms_master_key_id[0m[0m = "arn:aws:kms:us-west-2:183095018968:key/0e7ee8bd-7e7b-4ae1-b782-0e55f0d1d0ac"
              [32m+[0m [0m[1m[0msse_algorithm[0m[0m     = "aws:kms"
            }
        }
    }

[1m  # module.s3.module.ccc_initial_bucket.module.s3-bucket.aws_s3_bucket_server_side_encryption_configuration.this[0][0m will be updated in-place[0m[0m
[0m  [33m~[0m[0m resource "aws_s3_bucket_server_side_encryption_configuration" "this" {
        [1m[0mid[0m[0m     = "sdge-dtdes-dev-wus2-s3-nla-pii-transcription"
        [90m# (1 unchanged attribute hidden)[0m[0m

      [31m-[0m [0mrule {
          [31m-[0m [0m[1m[0mbucket_key_enabled[0m[0m = false [90m->[0m [0m[90mnull[0m[0m

          [31m-[0m [0mapply_server_side_encryption_by_default {
              [31m-[0m [0m[1m[0msse_algorithm[0m[0m = "AES256" [90m->[0m [0m[90mnull[0m[0m
            }
        }
      [32m+[0m [0mrule {
          [32m+[0m [0mapply_server_side_encryption_by_default {
              [32m+[0m [0m[1m[0mkms_master_key_id[0m[0m = "arn:aws:kms:us-west-2:183095018968:key/aa228f2a-16f0-4b33-90b6-41169c5c0980"
              [32m+[0m [0m[1m[0msse_algorithm[0m[0m     = "aws:kms"
            }
        }
    }

[1m  # module.s3.module.ccc_maciefindings_bucket.module.s3-bucket.aws_s3_bucket_server_side_encryption_configuration.this[0][0m will be updated in-place[0m[0m
[0m  [33m~[0m[0m resource "aws_s3_bucket_server_side_encryption_configuration" "this" {
        [1m[0mid[0m[0m     = "sdge-dtdes-dev-wus2-s3-nla-macie-findings"
        [90m# (1 unchanged attribute hidden)[0m[0m

      [31m-[0m [0mrule {
          [31m-[0m [0m[1m[0mbucket_key_enabled[0m[0m = false [90m->[0m [0m[90mnull[0m[0m

          [31m-[0m [0mapply_server_side_encryption_by_default {
              [31m-[0m [0m[1m[0msse_algorithm[0m[0m = "AES256" [90m->[0m [0m[90mnull[0m[0m
            }
        }
      [32m+[0m [0mrule {
          [32m+[0m [0mapply_server_side_encryption_by_default {
              [32m+[0m [0m[1m[0mkms_master_key_id[0m[0m = "arn:aws:kms:us-west-2:183095018968:key/66f5b1d4-85a6-49c8-b37a-57f838c9b299"
              [32m+[0m [0m[1m[0msse_algorithm[0m[0m     = "aws:kms"
            }
        }
    }

[1m  # module.s3.module.ccc_piimetadata_bucket.module.s3-bucket.aws_s3_bucket.this[0][0m must be [1m[31mreplaced[0m[0m
[0m[31m-[0m/[32m+[0m[0m resource "aws_s3_bucket" "this" {
      [32m+[0m [0m[1m[0macceleration_status[0m[0m         = (known after apply)
      [32m+[0m [0m[1m[0macl[0m[0m                         = (known after apply)
      [33m~[0m [0m[1m[0marn[0m[0m                         = "arn:aws:s3:::sdge-dtdes-dev-wus2-s3-nla-pii-metadata-s3" [33m->[0m [0m(known after apply)
      [33m~[0m [0m[1m[0mbucket[0m[0m                      = "sdge-dtdes-dev-wus2-s3-nla-pii-metadata-s3" [33m->[0m [0m"sdge-dtdes-dev-wus2-s3-nla-pii-metadata" [31m# forces replacement[0m[0m
      [33m~[0m [0m[1m[0mbucket_domain_name[0m[0m          = "sdge-dtdes-dev-wus2-s3-nla-pii-metadata-s3.s3.amazonaws.com" [33m->[0m [0m(known after apply)
      [33m~[0m [0m[1m[0mbucket_regional_domain_name[0m[0m = "sdge-dtdes-dev-wus2-s3-nla-pii-metadata-s3.s3.us-west-2.amazonaws.com" [33m->[0m [0m(known after apply)
      [33m~[0m [0m[1m[0mhosted_zone_id[0m[0m              = "Z3BJ6K6RIION7M" [33m->[0m [0m(known after apply)
      [33m~[0m [0m[1m[0mid[0m[0m                          = "sdge-dtdes-dev-wus2-s3-nla-pii-metadata-s3" [33m->[0m [0m(known after apply)
      [32m+[0m [0m[1m[0mpolicy[0m[0m                      = (known after apply)
      [33m~[0m [0m[1m[0mregion[0m[0m                      = "us-west-2" [33m->[0m [0m(known after apply)
      [33m~[0m [0m[1m[0mrequest_payer[0m[0m               = "BucketOwner" [33m->[0m [0m(known after apply)
      [33m~[0m [0m[1m[0mtags[0m[0m                        = {
          [33m~[0m [0m"name"                = "sdge-dtdes-dev-wus2-s3-nla-pii-metadata-s3" [33m->[0m [0m"sdge-dtdes-dev-wus2-s3-nla-pii-metadata"
            [90m# (7 unchanged elements hidden)[0m[0m
        }
      [33m~[0m [0m[1m[0mtags_all[0m[0m                    = {
          [33m~[0m [0m"name"                = "sdge-dtdes-dev-wus2-s3-nla-pii-metadata-s3" [33m->[0m [0m"sdge-dtdes-dev-wus2-s3-nla-pii-metadata"
            [90m# (7 unchanged elements hidden)[0m[0m
        }
      [32m+[0m [0m[1m[0mwebsite_domain[0m[0m              = (known after apply)
      [32m+[0m [0m[1m[0mwebsite_endpoint[0m[0m            = (known after apply)
        [90m# (2 unchanged attributes hidden)[0m[0m

      [32m+[0m [0mcors_rule {
          [32m+[0m [0m[1m[0mallowed_headers[0m[0m = (known after apply)
          [32m+[0m [0m[1m[0mallowed_methods[0m[0m = (known after apply)
          [32m+[0m [0m[1m[0mallowed_origins[0m[0m = (known after apply)
          [32m+[0m [0m[1m[0mexpose_headers[0m[0m  = (known after apply)
          [32m+[0m [0m[1m[0mmax_age_seconds[0m[0m = (known after apply)
        }

      [31m-[0m [0mgrant {
          [31m-[0m [0m[1m[0mid[0m[0m          = "347d542cc5670fd1734dcee45d92271a02c4a3208eecf78c93a639979aaaa023" [90m->[0m [0m[90mnull[0m[0m
          [31m-[0m [0m[1m[0mpermissions[0m[0m = [
              [31m-[0m [0m"FULL_CONTROL",
            ] [90m->[0m [0m[90mnull[0m[0m
          [31m-[0m [0m[1m[0mtype[0m[0m        = "CanonicalUser" [90m->[0m [0m[90mnull[0m[0m
        }
      [32m+[0m [0mgrant {
          [32m+[0m [0m[1m[0mid[0m[0m          = (known after apply)
          [32m+[0m [0m[1m[0mpermissions[0m[0m = (known after apply)
          [32m+[0m [0m[1m[0mtype[0m[0m        = (known after apply)
          [32m+[0m [0m[1m[0muri[0m[0m         = (known after apply)
        }

      [32m+[0m [0mlifecycle_rule {
          [32m+[0m [0m[1m[0mabort_incomplete_multipart_upload_days[0m[0m = (known after apply)
          [32m+[0m [0m[1m[0menabled[0m[0m                                = (known after apply)
          [32m+[0m [0m[1m[0mid[0m[0m                                     = (known after apply)
          [32m+[0m [0m[1m[0mprefix[0m[0m                                 = (known after apply)
          [32m+[0m [0m[1m[0mtags[0m[0m                                   = (known after apply)

          [32m+[0m [0mexpiration {
              [32m+[0m [0m[1m[0mdate[0m[0m                         = (known after apply)
              [32m+[0m [0m[1m[0mdays[0m[0m                         = (known after apply)
              [32m+[0m [0m[1m[0mexpired_object_delete_marker[0m[0m = (known after apply)
            }

          [32m+[0m [0mnoncurrent_version_expiration {
              [32m+[0m [0m[1m[0mdays[0m[0m = (known after apply)
            }

          [32m+[0m [0mnoncurrent_version_transition {
              [32m+[0m [0m[1m[0mdays[0m[0m          = (known after apply)
              [32m+[0m [0m[1m[0mstorage_class[0m[0m = (known after apply)
            }

          [32m+[0m [0mtransition {
              [32m+[0m [0m[1m[0mdate[0m[0m          = (known after apply)
              [32m+[0m [0m[1m[0mdays[0m[0m          = (known after apply)
              [32m+[0m [0m[1m[0mstorage_class[0m[0m = (known after apply)
            }
        }

      [32m+[0m [0mlogging {
          [32m+[0m [0m[1m[0mtarget_bucket[0m[0m = (known after apply)
          [32m+[0m [0m[1m[0mtarget_prefix[0m[0m = (known after apply)
        }

      [32m+[0m [0mobject_lock_configuration {
          [32m+[0m [0m[1m[0mobject_lock_enabled[0m[0m = (known after apply)

          [32m+[0m [0mrule {
              [32m+[0m [0mdefault_retention {
                  [32m+[0m [0m[1m[0mdays[0m[0m  = (known after apply)
                  [32m+[0m [0m[1m[0mmode[0m[0m  = (known after apply)
                  [32m+[0m [0m[1m[0myears[0m[0m = (known after apply)
                }
            }
        }

      [32m+[0m [0mreplication_configuration {
          [32m+[0m [0m[1m[0mrole[0m[0m = (known after apply)

          [32m+[0m [0mrules {
              [32m+[0m [0m[1m[0mdelete_marker_replication_status[0m[0m = (known after apply)
              [32m+[0m [0m[1m[0mid[0m[0m                               = (known after apply)
              [32m+[0m [0m[1m[0mprefix[0m[0m                           = (known after apply)
              [32m+[0m [0m[1m[0mpriority[0m[0m                         = (known after apply)
              [32m+[0m [0m[1m[0mstatus[0m[0m                           = (known after apply)

              [32m+[0m [0mdestination {
                  [32m+[0m [0m[1m[0maccount_id[0m[0m         = (known after apply)
                  [32m+[0m [0m[1m[0mbucket[0m[0m             = (known after apply)
                  [32m+[0m [0m[1m[0mreplica_kms_key_id[0m[0m = (known after apply)
                  [32m+[0m [0m[1m[0mstorage_class[0m[0m      = (known after apply)

                  [32m+[0m [0maccess_control_translation {
                      [32m+[0m [0m[1m[0mowner[0m[0m = (known after apply)
                    }

                  [32m+[0m [0mmetrics {
                      [32m+[0m [0m[1m[0mminutes[0m[0m = (known after apply)
                      [32m+[0m [0m[1m[0mstatus[0m[0m  = (known after apply)
                    }

                  [32m+[0m [0mreplication_time {
                      [32m+[0m [0m[1m[0mminutes[0m[0m = (known after apply)
                      [32m+[0m [0m[1m[0mstatus[0m[0m  = (known after apply)
                    }
                }

              [32m+[0m [0mfilter {
                  [32m+[0m [0m[1m[0mprefix[0m[0m = (known after apply)
                  [32m+[0m [0m[1m[0mtags[0m[0m   = (known after apply)
                }

              [32m+[0m [0msource_selection_criteria {
                  [32m+[0m [0msse_kms_encrypted_objects {
                      [32m+[0m [0m[1m[0menabled[0m[0m = (known after apply)
                    }
                }
            }
        }

      [33m~[0m [0mserver_side_encryption_configuration {
          [33m~[0m [0mrule {
              [33m~[0m [0m[1m[0mbucket_key_enabled[0m[0m = false [33m->[0m [0m(known after apply)

              [33m~[0m [0mapply_server_side_encryption_by_default {
                  [32m+[0m [0m[1m[0mkms_master_key_id[0m[0m = (known after apply)
                  [33m~[0m [0m[1m[0msse_algorithm[0m[0m     = "AES256" [33m->[0m [0m(known after apply)
                }
            }
        }

      [33m~[0m [0mversioning {
          [33m~[0m [0m[1m[0menabled[0m[0m    = false [33m->[0m [0m(known after apply)
          [33m~[0m [0m[1m[0mmfa_delete[0m[0m = false [33m->[0m [0m(known after apply)
        }

      [32m+[0m [0mwebsite {
          [32m+[0m [0m[1m[0merror_document[0m[0m           = (known after apply)
          [32m+[0m [0m[1m[0mindex_document[0m[0m           = (known after apply)
          [32m+[0m [0m[1m[0mredirect_all_requests_to[0m[0m = (known after apply)
          [32m+[0m [0m[1m[0mrouting_rules[0m[0m            = (known after apply)
        }
    }

[1m  # module.s3.module.ccc_piimetadata_bucket.module.s3-bucket.aws_s3_bucket_acl.this[0][0m will be created[0m[0m
[0m  [32m+[0m[0m resource "aws_s3_bucket_acl" "this" {
      [32m+[0m [0m[1m[0macl[0m[0m    = "private"
      [32m+[0m [0m[1m[0mbucket[0m[0m = (known after apply)
      [32m+[0m [0m[1m[0mid[0m[0m     = (known after apply)

      [32m+[0m [0maccess_control_policy {
          [32m+[0m [0mgrant {
              [32m+[0m [0m[1m[0mpermission[0m[0m = (known after apply)

              [32m+[0m [0mgrantee {
                  [32m+[0m [0m[1m[0mdisplay_name[0m[0m  = (known after apply)
                  [32m+[0m [0m[1m[0memail_address[0m[0m = (known after apply)
                  [32m+[0m [0m[1m[0mid[0m[0m            = (known after apply)
                  [32m+[0m [0m[1m[0mtype[0m[0m          = (known after apply)
                  [32m+[0m [0m[1m[0muri[0m[0m           = (known after apply)
                }
            }

          [32m+[0m [0mowner {
              [32m+[0m [0m[1m[0mdisplay_name[0m[0m = (known after apply)
              [32m+[0m [0m[1m[0mid[0m[0m           = (known after apply)
            }
        }
    }

[1m  # module.s3.module.ccc_piimetadata_bucket.module.s3-bucket.aws_s3_bucket_cors_configuration.this[0][0m will be created[0m[0m
[0m  [32m+[0m[0m resource "aws_s3_bucket_cors_configuration" "this" {
      [32m+[0m [0m[1m[0mbucket[0m[0m = (known after apply)
      [32m+[0m [0m[1m[0mid[0m[0m     = (known after apply)

      [32m+[0m [0mcors_rule {
          [32m+[0m [0m[1m[0mallowed_headers[0m[0m = [
              [32m+[0m [0m"*",
            ]
          [32m+[0m [0m[1m[0mallowed_methods[0m[0m = [
              [32m+[0m [0m"GET",
              [32m+[0m [0m"POST",
              [32m+[0m [0m"PUT",
            ]
          [32m+[0m [0m[1m[0mallowed_origins[0m[0m = [
              [32m+[0m [0m"*",
            ]
          [32m+[0m [0m[1m[0mexpose_headers[0m[0m  = []
        }
    }

[1m  # module.s3.module.ccc_piimetadata_bucket.module.s3-bucket.aws_s3_bucket_public_access_block.this[0][0m will be created[0m[0m
[0m  [32m+[0m[0m resource "aws_s3_bucket_public_access_block" "this" {
      [32m+[0m [0m[1m[0mblock_public_acls[0m[0m       = true
      [32m+[0m [0m[1m[0mblock_public_policy[0m[0m     = true
      [32m+[0m [0m[1m[0mbucket[0m[0m                  = (known after apply)
      [32m+[0m [0m[1m[0mid[0m[0m                      = (known after apply)
      [32m+[0m [0m[1m[0mignore_public_acls[0m[0m      = true
      [32m+[0m [0m[1m[0mrestrict_public_buckets[0m[0m = true
    }

[1m  # module.s3.module.ccc_piimetadata_bucket.module.s3-bucket.aws_s3_bucket_server_side_encryption_configuration.this[0][0m will be created[0m[0m
[0m  [32m+[0m[0m resource "aws_s3_bucket_server_side_encryption_configuration" "this" {
      [32m+[0m [0m[1m[0mbucket[0m[0m = (known after apply)
      [32m+[0m [0m[1m[0mid[0m[0m     = (known after apply)

      [32m+[0m [0mrule {
          [32m+[0m [0mapply_server_side_encryption_by_default {
              [32m+[0m [0m[1m[0mkms_master_key_id[0m[0m = "arn:aws:kms:us-west-2:183095018968:key/c342074a-5cc8-4e35-8c7d-e1036546e40f"
              [32m+[0m [0m[1m[0msse_algorithm[0m[0m     = "aws:kms"
            }
        }
    }

[1m  # module.s3.module.ccc_piimetadata_bucket.module.s3-bucket.aws_s3_bucket_versioning.this[0][0m will be created[0m[0m
[0m  [32m+[0m[0m resource "aws_s3_bucket_versioning" "this" {
      [32m+[0m [0m[1m[0mbucket[0m[0m = (known after apply)
      [32m+[0m [0m[1m[0mid[0m[0m     = (known after apply)

      [32m+[0m [0mversioning_configuration {
          [32m+[0m [0m[1m[0mmfa_delete[0m[0m = (known after apply)
          [32m+[0m [0m[1m[0mstatus[0m[0m     = "Suspended"
        }
    }

[1m  # module.s3.module.ccc_unrefined_call_data_bucket.module.s3-bucket.aws_s3_bucket.this[0][0m must be [1m[31mreplaced[0m[0m
[0m[31m-[0m/[32m+[0m[0m resource "aws_s3_bucket" "this" {
      [32m+[0m [0m[1m[0macceleration_status[0m[0m         = (known after apply)
      [32m+[0m [0m[1m[0macl[0m[0m                         = (known after apply)
      [33m~[0m [0m[1m[0marn[0m[0m                         = "arn:aws:s3:::sdge-dtdes-dev-wus2-s3-nla-unrefined-s3" [33m->[0m [0m(known after apply)
      [33m~[0m [0m[1m[0mbucket[0m[0m                      = "sdge-dtdes-dev-wus2-s3-nla-unrefined-s3" [33m->[0m [0m"sdge-dtdes-dev-wus2-s3-nla-unrefined" [31m# forces replacement[0m[0m
      [33m~[0m [0m[1m[0mbucket_domain_name[0m[0m          = "sdge-dtdes-dev-wus2-s3-nla-unrefined-s3.s3.amazonaws.com" [33m->[0m [0m(known after apply)
      [33m~[0m [0m[1m[0mbucket_regional_domain_name[0m[0m = "sdge-dtdes-dev-wus2-s3-nla-unrefined-s3.s3.us-west-2.amazonaws.com" [33m->[0m [0m(known after apply)
      [33m~[0m [0m[1m[0mhosted_zone_id[0m[0m              = "Z3BJ6K6RIION7M" [33m->[0m [0m(known after apply)
      [33m~[0m [0m[1m[0mid[0m[0m                          = "sdge-dtdes-dev-wus2-s3-nla-unrefined-s3" [33m->[0m [0m(known after apply)
      [32m+[0m [0m[1m[0mpolicy[0m[0m                      = (known after apply)
      [33m~[0m [0m[1m[0mregion[0m[0m                      = "us-west-2" [33m->[0m [0m(known after apply)
      [33m~[0m [0m[1m[0mrequest_payer[0m[0m               = "BucketOwner" [33m->[0m [0m(known after apply)
      [33m~[0m [0m[1m[0mtags[0m[0m                        = {
          [33m~[0m [0m"name"                = "sdge-dtdes-dev-wus2-s3-nla-unrefined-s3" [33m->[0m [0m"sdge-dtdes-dev-wus2-s3-nla-unrefined"
            [90m# (7 unchanged elements hidden)[0m[0m
        }
      [33m~[0m [0m[1m[0mtags_all[0m[0m                    = {
          [33m~[0m [0m"name"                = "sdge-dtdes-dev-wus2-s3-nla-unrefined-s3" [33m->[0m [0m"sdge-dtdes-dev-wus2-s3-nla-unrefined"
            [90m# (7 unchanged elements hidden)[0m[0m
        }
      [32m+[0m [0m[1m[0mwebsite_domain[0m[0m              = (known after apply)
      [32m+[0m [0m[1m[0mwebsite_endpoint[0m[0m            = (known after apply)
        [90m# (2 unchanged attributes hidden)[0m[0m

      [32m+[0m [0mcors_rule {
          [32m+[0m [0m[1m[0mallowed_headers[0m[0m = (known after apply)
          [32m+[0m [0m[1m[0mallowed_methods[0m[0m = (known after apply)
          [32m+[0m [0m[1m[0mallowed_origins[0m[0m = (known after apply)
          [32m+[0m [0m[1m[0mexpose_headers[0m[0m  = (known after apply)
          [32m+[0m [0m[1m[0mmax_age_seconds[0m[0m = (known after apply)
        }

      [31m-[0m [0mgrant {
          [31m-[0m [0m[1m[0mid[0m[0m          = "347d542cc5670fd1734dcee45d92271a02c4a3208eecf78c93a639979aaaa023" [90m->[0m [0m[90mnull[0m[0m
          [31m-[0m [0m[1m[0mpermissions[0m[0m = [
              [31m-[0m [0m"FULL_CONTROL",
            ] [90m->[0m [0m[90mnull[0m[0m
          [31m-[0m [0m[1m[0mtype[0m[0m        = "CanonicalUser" [90m->[0m [0m[90mnull[0m[0m
        }
      [32m+[0m [0mgrant {
          [32m+[0m [0m[1m[0mid[0m[0m          = (known after apply)
          [32m+[0m [0m[1m[0mpermissions[0m[0m = (known after apply)
          [32m+[0m [0m[1m[0mtype[0m[0m        = (known after apply)
          [32m+[0m [0m[1m[0muri[0m[0m         = (known after apply)
        }

      [32m+[0m [0mlifecycle_rule {
          [32m+[0m [0m[1m[0mabort_incomplete_multipart_upload_days[0m[0m = (known after apply)
          [32m+[0m [0m[1m[0menabled[0m[0m                                = (known after apply)
          [32m+[0m [0m[1m[0mid[0m[0m                                     = (known after apply)
          [32m+[0m [0m[1m[0mprefix[0m[0m                                 = (known after apply)
          [32m+[0m [0m[1m[0mtags[0m[0m                                   = (known after apply)

          [32m+[0m [0mexpiration {
              [32m+[0m [0m[1m[0mdate[0m[0m                         = (known after apply)
              [32m+[0m [0m[1m[0mdays[0m[0m                         = (known after apply)
              [32m+[0m [0m[1m[0mexpired_object_delete_marker[0m[0m = (known after apply)
            }

          [32m+[0m [0mnoncurrent_version_expiration {
              [32m+[0m [0m[1m[0mdays[0m[0m = (known after apply)
            }

          [32m+[0m [0mnoncurrent_version_transition {
              [32m+[0m [0m[1m[0mdays[0m[0m          = (known after apply)
              [32m+[0m [0m[1m[0mstorage_class[0m[0m = (known after apply)
            }

          [32m+[0m [0mtransition {
              [32m+[0m [0m[1m[0mdate[0m[0m          = (known after apply)
              [32m+[0m [0m[1m[0mdays[0m[0m          = (known after apply)
              [32m+[0m [0m[1m[0mstorage_class[0m[0m = (known after apply)
            }
        }

      [32m+[0m [0mlogging {
          [32m+[0m [0m[1m[0mtarget_bucket[0m[0m = (known after apply)
          [32m+[0m [0m[1m[0mtarget_prefix[0m[0m = (known after apply)
        }

      [32m+[0m [0mobject_lock_configuration {
          [32m+[0m [0m[1m[0mobject_lock_enabled[0m[0m = (known after apply)

          [32m+[0m [0mrule {
              [32m+[0m [0mdefault_retention {
                  [32m+[0m [0m[1m[0mdays[0m[0m  = (known after apply)
                  [32m+[0m [0m[1m[0mmode[0m[0m  = (known after apply)
                  [32m+[0m [0m[1m[0myears[0m[0m = (known after apply)
                }
            }
        }

      [32m+[0m [0mreplication_configuration {
          [32m+[0m [0m[1m[0mrole[0m[0m = (known after apply)

          [32m+[0m [0mrules {
              [32m+[0m [0m[1m[0mdelete_marker_replication_status[0m[0m = (known after apply)
              [32m+[0m [0m[1m[0mid[0m[0m                               = (known after apply)
              [32m+[0m [0m[1m[0mprefix[0m[0m                           = (known after apply)
              [32m+[0m [0m[1m[0mpriority[0m[0m                         = (known after apply)
              [32m+[0m [0m[1m[0mstatus[0m[0m                           = (known after apply)

              [32m+[0m [0mdestination {
                  [32m+[0m [0m[1m[0maccount_id[0m[0m         = (known after apply)
                  [32m+[0m [0m[1m[0mbucket[0m[0m             = (known after apply)
                  [32m+[0m [0m[1m[0mreplica_kms_key_id[0m[0m = (known after apply)
                  [32m+[0m [0m[1m[0mstorage_class[0m[0m      = (known after apply)

                  [32m+[0m [0maccess_control_translation {
                      [32m+[0m [0m[1m[0mowner[0m[0m = (known after apply)
                    }

                  [32m+[0m [0mmetrics {
                      [32m+[0m [0m[1m[0mminutes[0m[0m = (known after apply)
                      [32m+[0m [0m[1m[0mstatus[0m[0m  = (known after apply)
                    }

                  [32m+[0m [0mreplication_time {
                      [32m+[0m [0m[1m[0mminutes[0m[0m = (known after apply)
                      [32m+[0m [0m[1m[0mstatus[0m[0m  = (known after apply)
                    }
                }

              [32m+[0m [0mfilter {
                  [32m+[0m [0m[1m[0mprefix[0m[0m = (known after apply)
                  [32m+[0m [0m[1m[0mtags[0m[0m   = (known after apply)
                }

              [32m+[0m [0msource_selection_criteria {
                  [32m+[0m [0msse_kms_encrypted_objects {
                      [32m+[0m [0m[1m[0menabled[0m[0m = (known after apply)
                    }
                }
            }
        }

      [33m~[0m [0mserver_side_encryption_configuration {
          [33m~[0m [0mrule {
              [33m~[0m [0m[1m[0mbucket_key_enabled[0m[0m = false [33m->[0m [0m(known after apply)

              [33m~[0m [0mapply_server_side_encryption_by_default {
                  [32m+[0m [0m[1m[0mkms_master_key_id[0m[0m = (known after apply)
                  [33m~[0m [0m[1m[0msse_algorithm[0m[0m     = "AES256" [33m->[0m [0m(known after apply)
                }
            }
        }

      [33m~[0m [0mversioning {
          [33m~[0m [0m[1m[0menabled[0m[0m    = false [33m->[0m [0m(known after apply)
          [33m~[0m [0m[1m[0mmfa_delete[0m[0m = false [33m->[0m [0m(known after apply)
        }

      [32m+[0m [0mwebsite {
          [32m+[0m [0m[1m[0merror_document[0m[0m           = (known after apply)
          [32m+[0m [0m[1m[0mindex_document[0m[0m           = (known after apply)
          [32m+[0m [0m[1m[0mredirect_all_requests_to[0m[0m = (known after apply)
          [32m+[0m [0m[1m[0mrouting_rules[0m[0m            = (known after apply)
        }
    }

[1m  # module.s3.module.ccc_unrefined_call_data_bucket.module.s3-bucket.aws_s3_bucket_acl.this[0][0m will be created[0m[0m
[0m  [32m+[0m[0m resource "aws_s3_bucket_acl" "this" {
      [32m+[0m [0m[1m[0macl[0m[0m    = "private"
      [32m+[0m [0m[1m[0mbucket[0m[0m = (known after apply)
      [32m+[0m [0m[1m[0mid[0m[0m     = (known after apply)

      [32m+[0m [0maccess_control_policy {
          [32m+[0m [0mgrant {
              [32m+[0m [0m[1m[0mpermission[0m[0m = (known after apply)

              [32m+[0m [0mgrantee {
                  [32m+[0m [0m[1m[0mdisplay_name[0m[0m  = (known after apply)
                  [32m+[0m [0m[1m[0memail_address[0m[0m = (known after apply)
                  [32m+[0m [0m[1m[0mid[0m[0m            = (known after apply)
                  [32m+[0m [0m[1m[0mtype[0m[0m          = (known after apply)
                  [32m+[0m [0m[1m[0muri[0m[0m           = (known after apply)
                }
            }

          [32m+[0m [0mowner {
              [32m+[0m [0m[1m[0mdisplay_name[0m[0m = (known after apply)
              [32m+[0m [0m[1m[0mid[0m[0m           = (known after apply)
            }
        }
    }

[1m  # module.s3.module.ccc_unrefined_call_data_bucket.module.s3-bucket.aws_s3_bucket_cors_configuration.this[0][0m will be created[0m[0m
[0m  [32m+[0m[0m resource "aws_s3_bucket_cors_configuration" "this" {
      [32m+[0m [0m[1m[0mbucket[0m[0m = (known after apply)
      [32m+[0m [0m[1m[0mid[0m[0m     = (known after apply)

      [32m+[0m [0mcors_rule {
          [32m+[0m [0m[1m[0mallowed_headers[0m[0m = [
              [32m+[0m [0m"*",
            ]
          [32m+[0m [0m[1m[0mallowed_methods[0m[0m = [
              [32m+[0m [0m"GET",
              [32m+[0m [0m"POST",
              [32m+[0m [0m"PUT",
            ]
          [32m+[0m [0m[1m[0mallowed_origins[0m[0m = [
              [32m+[0m [0m"*",
            ]
          [32m+[0m [0m[1m[0mexpose_headers[0m[0m  = []
        }
    }

[1m  # module.s3.module.ccc_unrefined_call_data_bucket.module.s3-bucket.aws_s3_bucket_public_access_block.this[0][0m will be created[0m[0m
[0m  [32m+[0m[0m resource "aws_s3_bucket_public_access_block" "this" {
      [32m+[0m [0m[1m[0mblock_public_acls[0m[0m       = true
      [32m+[0m [0m[1m[0mblock_public_policy[0m[0m     = true
      [32m+[0m [0m[1m[0mbucket[0m[0m                  = (known after apply)
      [32m+[0m [0m[1m[0mid[0m[0m                      = (known after apply)
      [32m+[0m [0m[1m[0mignore_public_acls[0m[0m      = true
      [32m+[0m [0m[1m[0mrestrict_public_buckets[0m[0m = true
    }

[1m  # module.s3.module.ccc_unrefined_call_data_bucket.module.s3-bucket.aws_s3_bucket_server_side_encryption_configuration.this[0][0m will be created[0m[0m
[0m  [32m+[0m[0m resource "aws_s3_bucket_server_side_encryption_configuration" "this" {
      [32m+[0m [0m[1m[0mbucket[0m[0m = (known after apply)
      [32m+[0m [0m[1m[0mid[0m[0m     = (known after apply)

      [32m+[0m [0mrule {
          [32m+[0m [0mapply_server_side_encryption_by_default {
              [32m+[0m [0m[1m[0mkms_master_key_id[0m[0m = "arn:aws:kms:us-west-2:183095018968:key/6ed85f98-c89a-4a63-99d5-4581dd824626"
              [32m+[0m [0m[1m[0msse_algorithm[0m[0m     = "aws:kms"
            }
        }
    }

[1m  # module.s3.module.ccc_unrefined_call_data_bucket.module.s3-bucket.aws_s3_bucket_versioning.this[0][0m will be created[0m[0m
[0m  [32m+[0m[0m resource "aws_s3_bucket_versioning" "this" {
      [32m+[0m [0m[1m[0mbucket[0m[0m = (known after apply)
      [32m+[0m [0m[1m[0mid[0m[0m     = (known after apply)

      [32m+[0m [0mversioning_configuration {
          [32m+[0m [0m[1m[0mmfa_delete[0m[0m = (known after apply)
          [32m+[0m [0m[1m[0mstatus[0m[0m     = "Suspended"
        }
    }

[1m  # module.s3.module.ccc_verified_clean_bucket.module.s3-bucket.aws_s3_bucket_server_side_encryption_configuration.this[0][0m will be updated in-place[0m[0m
[0m  [33m~[0m[0m resource "aws_s3_bucket_server_side_encryption_configuration" "this" {
        [1m[0mid[0m[0m     = "sdge-dtdes-dev-wus2-s3-nla-verified-clean"
        [90m# (1 unchanged attribute hidden)[0m[0m

      [31m-[0m [0mrule {
          [31m-[0m [0m[1m[0mbucket_key_enabled[0m[0m = false [90m->[0m [0m[90mnull[0m[0m

          [31m-[0m [0mapply_server_side_encryption_by_default {
              [31m-[0m [0m[1m[0msse_algorithm[0m[0m = "AES256" [90m->[0m [0m[90mnull[0m[0m
            }
        }
      [32m+[0m [0mrule {
          [32m+[0m [0mapply_server_side_encryption_by_default {
              [32m+[0m [0m[1m[0mkms_master_key_id[0m[0m = "arn:aws:kms:us-west-2:183095018968:key/551d47b3-97af-415b-ae31-71b6b7bc4cc0"
              [32m+[0m [0m[1m[0msse_algorithm[0m[0m     = "aws:kms"
            }
        }
    }

[0m[1mPlan:[0m 36 to add, 21 to change, 3 to destroy.
[0m

------------------------------------------------------------------------

Organization policy check:

==================== Results for policy set: tf-sentinel-aws ===================

Sentinel Result: true

This result means that all Sentinel policies passed and the protected
behavior is allowed.

8 policies evaluated.

## Policy 1: tf-sentinel-aws/aws-s3-object-lock-enabled (advisory)

Result: false

Print messages:

resource:  module.s3.module.ccc_verified_clean_bucket.module.s3-bucket.aws_s3_bucket.this[0] ; config values:  {"acceleration_status": "", "acl": null, "arn": "arn:aws:s3:::sdge-dtdes-dev-wus2-s3-nla-verified-clean", "bucket": "sdge-dtdes-dev-wus2-s3-nla-verified-clean", "bucket_domain_name": "sdge-dtdes-dev-wus2-s3-nla-verified-clean.s3.amazonaws.com", "bucket_prefix": null, "bucket_regional_domain_name": "sdge-dtdes-dev-wus2-s3-nla-verified-clean.s3.us-west-2.amazonaws.com", "cors_rule": [{"allowed_headers": ["*"], "allowed_methods": ["POST" "GET" "PUT"], "allowed_origins": ["*"], "expose_headers": [], "max_age_seconds": 0.000000}], "force_destroy": false, "grant": [{"id": "347d542cc5670fd1734dcee45d92271a02c4a3208eecf78c93a639979aaaa023", "permissions": ["FULL_CONTROL"], "type": "CanonicalUser", "uri": ""}], "hosted_zone_id": "Z3BJ6K6RIION7M", "id": "sdge-dtdes-dev-wus2-s3-nla-verified-clean", "lifecycle_rule": [], "logging": [], "object_lock_configuration": [], "object_lock_enabled": false, "policy": "{\"Id\":\"DenyHttpAccess\",\"Statement\":[{\"Action\":\"s3:*\",\"Condition\":{\"Bool\":{\"aws:SecureTransport\":\"false\"}},\"Effect\":\"Deny\",\"Principal\":\"*\",\"Resource\":[\"arn:aws:s3:::sdge-dtdes-dev-wus2-s3-nla-verified-clean\",\"arn:aws:s3:::sdge-dtdes-dev-wus2-s3-nla-verified-clean/*\"],\"Sid\":\"AllowSSLRequestsOnly\"}],\"Version\":\"2012-10-17\"}", "region": "us-west-2", "replication_configuration": [], "request_payer": "BucketOwner", "server_side_encryption_configuration": [{"rule": [{"apply_server_side_encryption_by_default": [{"kms_master_key_id": "", "sse_algorithm": "AES256"}], "bucket_key_enabled": false}]}], "tags": {"billing-guid": "3993843B8B8C58852AEA9A4420D3E0CC", "cmdb-ci-id": "CI ID as generated by ServiceNow CMDB", "data-classification": "confidential", "environment": "dev", "name": "sdge-dtdes-dev-wus2-s3-nla-verified-clean", "portfolio": "Portfolio associated with the application", "support-group": "agile-iac@sdge.com", "tag-version": "1"}, "tags_all": {"billing-guid": "3993843B8B8C58852AEA9A4420D3E0CC", "cmdb-ci-id": "CI ID as generated by ServiceNow CMDB", "data-classification": "confidential", "environment": "dev", "name": "sdge-dtdes-dev-wus2-s3-nla-verified-clean", "portfolio": "Portfolio associated with the application", "support-group": "agile-iac@sdge.com", "tag-version": "1"}, "timeouts": null, "versioning": [{"enabled": false, "mfa_delete": false}], "website": [], "website_domain": null, "website_endpoint": null}
resource:  module.s3.module.ccc_piimetadata_bucket.module.s3-bucket.aws_s3_bucket.this[0] ; config values:  {"bucket": "sdge-dtdes-dev-wus2-s3-nla-pii-metadata", "bucket_prefix": null, "force_destroy": false, "object_lock_enabled": false, "tags": {"billing-guid": "3993843B8B8C58852AEA9A4420D3E0CC", "cmdb-ci-id": "CI ID as generated by ServiceNow CMDB", "data-classification": "confidential", "environment": "dev", "name": "sdge-dtdes-dev-wus2-s3-nla-pii-metadata", "portfolio": "Portfolio associated with the application", "support-group": "agile-iac@sdge.com", "tag-version": "1"}, "tags_all": {"billing-guid": "3993843B8B8C58852AEA9A4420D3E0CC", "cmdb-ci-id": "CI ID as generated by ServiceNow CMDB", "data-classification": "confidential", "environment": "dev", "name": "sdge-dtdes-dev-wus2-s3-nla-pii-metadata", "portfolio": "Portfolio associated with the application", "support-group": "agile-iac@sdge.com", "tag-version": "1"}, "timeouts": null}
resource:  module.s3.module.ccc_cleaned_bucket.module.s3-bucket.aws_s3_bucket.this[0] ; config values:  {"acceleration_status": "", "acl": null, "arn": "arn:aws:s3:::sdge-dtdes-dev-wus2-s3-nla-cleaned", "bucket": "sdge-dtdes-dev-wus2-s3-nla-cleaned", "bucket_domain_name": "sdge-dtdes-dev-wus2-s3-nla-cleaned.s3.amazonaws.com", "bucket_prefix": null, "bucket_regional_domain_name": "sdge-dtdes-dev-wus2-s3-nla-cleaned.s3.us-west-2.amazonaws.com", "cors_rule": [{"allowed_headers": ["*"], "allowed_methods": ["POST" "GET" "PUT"], "allowed_origins": ["*"], "expose_headers": [], "max_age_seconds": 0.000000}], "force_destroy": false, "grant": [{"id": "347d542cc5670fd1734dcee45d92271a02c4a3208eecf78c93a639979aaaa023", "permissions": ["FULL_CONTROL"], "type": "CanonicalUser", "uri": ""}], "hosted_zone_id": "Z3BJ6K6RIION7M", "id": "sdge-dtdes-dev-wus2-s3-nla-cleaned", "lifecycle_rule": [], "logging": [], "object_lock_configuration": [], "object_lock_enabled": false, "policy": "{\"Id\":\"DenyHttpAccess\",\"Statement\":[{\"Action\":\"s3:*\",\"Condition\":{\"Bool\":{\"aws:SecureTransport\":\"false\"}},\"Effect\":\"Deny\",\"Principal\":\"*\",\"Resource\":[\"arn:aws:s3:::sdge-dtdes-dev-wus2-s3-nla-cleaned\",\"arn:aws:s3:::sdge-dtdes-dev-wus2-s3-nla-cleaned/*\"],\"Sid\":\"AllowSSLRequestsOnly\"}],\"Version\":\"2012-10-17\"}", "region": "us-west-2", "replication_configuration": [], "request_payer": "BucketOwner", "server_side_encryption_configuration": [{"rule": [{"apply_server_side_encryption_by_default": [{"kms_master_key_id": "", "sse_algorithm": "AES256"}], "bucket_key_enabled": false}]}], "tags": {"billing-guid": "3993843B8B8C58852AEA9A4420D3E0CC", "cmdb-ci-id": "CI ID as generated by ServiceNow CMDB", "data-classification": "confidential", "environment": "dev", "name": "sdge-dtdes-dev-wus2-s3-nla-cleaned", "portfolio": "Portfolio associated with the application", "support-group": "agile-iac@sdge.com", "tag-version": "1"}, "tags_all": {"billing-guid": "3993843B8B8C58852AEA9A4420D3E0CC", "cmdb-ci-id": "CI ID as generated by ServiceNow CMDB", "data-classification": "confidential", "environment": "dev", "name": "sdge-dtdes-dev-wus2-s3-nla-cleaned", "portfolio": "Portfolio associated with the application", "support-group": "agile-iac@sdge.com", "tag-version": "1"}, "timeouts": null, "versioning": [{"enabled": false, "mfa_delete": false}], "website": [], "website_domain": null, "website_endpoint": null}
resource:  module.s3.module.ccc_athenaresults_bucket.module.s3-bucket.aws_s3_bucket.this[0] ; config values:  {"acceleration_status": "", "acl": null, "arn": "arn:aws:s3:::sdge-dtdes-dev-wus2-s3-nla-athena-results", "bucket": "sdge-dtdes-dev-wus2-s3-nla-athena-results", "bucket_domain_name": "sdge-dtdes-dev-wus2-s3-nla-athena-results.s3.amazonaws.com", "bucket_prefix": null, "bucket_regional_domain_name": "sdge-dtdes-dev-wus2-s3-nla-athena-results.s3.us-west-2.amazonaws.com", "cors_rule": [{"allowed_headers": ["*"], "allowed_methods": ["POST" "GET" "PUT"], "allowed_origins": ["*"], "expose_headers": [], "max_age_seconds": 0.000000}], "force_destroy": false, "grant": [{"id": "347d542cc5670fd1734dcee45d92271a02c4a3208eecf78c93a639979aaaa023", "permissions": ["FULL_CONTROL"], "type": "CanonicalUser", "uri": ""}], "hosted_zone_id": "Z3BJ6K6RIION7M", "id": "sdge-dtdes-dev-wus2-s3-nla-athena-results", "lifecycle_rule": [], "logging": [], "object_lock_configuration": [], "object_lock_enabled": false, "policy": "{\"Id\":\"DenyHttpAccess\",\"Statement\":[{\"Action\":\"s3:*\",\"Condition\":{\"Bool\":{\"aws:SecureTransport\":\"false\"}},\"Effect\":\"Deny\",\"Principal\":\"*\",\"Resource\":[\"arn:aws:s3:::sdge-dtdes-dev-wus2-s3-nla-athena-results\",\"arn:aws:s3:::sdge-dtdes-dev-wus2-s3-nla-athena-results/*\"],\"Sid\":\"AllowSSLRequestsOnly\"}],\"Version\":\"2012-10-17\"}", "region": "us-west-2", "replication_configuration": [], "request_payer": "BucketOwner", "server_side_encryption_configuration": [{"rule": [{"apply_server_side_encryption_by_default": [{"kms_master_key_id": "", "sse_algorithm": "AES256"}], "bucket_key_enabled": false}]}], "tags": {"billing-guid": "3993843B8B8C58852AEA9A4420D3E0CC", "cmdb-ci-id": "CI ID as generated by ServiceNow CMDB", "data-classification": "confidential", "environment": "dev", "name": "sdge-dtdes-dev-wus2-s3-nla-athena-results", "portfolio": "Portfolio associated with the application", "support-group": "agile-iac@sdge.com", "tag-version": "1"}, "tags_all": {"billing-guid": "3993843B8B8C58852AEA9A4420D3E0CC", "cmdb-ci-id": "CI ID as generated by ServiceNow CMDB", "data-classification": "confidential", "environment": "dev", "name": "sdge-dtdes-dev-wus2-s3-nla-athena-results", "portfolio": "Portfolio associated with the application", "support-group": "agile-iac@sdge.com", "tag-version": "1"}, "timeouts": null, "versioning": [{"enabled": false, "mfa_delete": false}], "website": [], "website_domain": null, "website_endpoint": null}
resource:  module.s3.module.ccc_dirty_bucket.module.s3-bucket.aws_s3_bucket.this[0] ; config values:  {"acceleration_status": "", "acl": null, "arn": "arn:aws:s3:::sdge-dtdes-dev-wus2-s3-nla-dirty", "bucket": "sdge-dtdes-dev-wus2-s3-nla-dirty", "bucket_domain_name": "sdge-dtdes-dev-wus2-s3-nla-dirty.s3.amazonaws.com", "bucket_prefix": null, "bucket_regional_domain_name": "sdge-dtdes-dev-wus2-s3-nla-dirty.s3.us-west-2.amazonaws.com", "cors_rule": [{"allowed_headers": ["*"], "allowed_methods": ["POST" "GET" "PUT"], "allowed_origins": ["*"], "expose_headers": [], "max_age_seconds": 0.000000}], "force_destroy": false, "grant": [{"id": "347d542cc5670fd1734dcee45d92271a02c4a3208eecf78c93a639979aaaa023", "permissions": ["FULL_CONTROL"], "type": "CanonicalUser", "uri": ""}], "hosted_zone_id": "Z3BJ6K6RIION7M", "id": "sdge-dtdes-dev-wus2-s3-nla-dirty", "lifecycle_rule": [], "logging": [], "object_lock_configuration": [], "object_lock_enabled": false, "policy": "{\"Id\":\"DenyHttpAccess\",\"Statement\":[{\"Action\":\"s3:*\",\"Condition\":{\"Bool\":{\"aws:SecureTransport\":\"false\"}},\"Effect\":\"Deny\",\"Principal\":\"*\",\"Resource\":[\"arn:aws:s3:::sdge-dtdes-dev-wus2-s3-nla-dirty\",\"arn:aws:s3:::sdge-dtdes-dev-wus2-s3-nla-dirty/*\"],\"Sid\":\"AllowSSLRequestsOnly\"}],\"Version\":\"2012-10-17\"}", "region": "us-west-2", "replication_configuration": [], "request_payer": "BucketOwner", "server_side_encryption_configuration": [{"rule": [{"apply_server_side_encryption_by_default": [{"kms_master_key_id": "", "sse_algorithm": "AES256"}], "bucket_key_enabled": false}]}], "tags": {"billing-guid": "3993843B8B8C58852AEA9A4420D3E0CC", "cmdb-ci-id": "CI ID as generated by ServiceNow CMDB", "data-classification": "confidential", "environment": "dev", "name": "sdge-dtdes-dev-wus2-s3-nla-dirty", "portfolio": "Portfolio associated with the application", "support-group": "agile-iac@sdge.com", "tag-version": "1"}, "tags_all": {"billing-guid": "3993843B8B8C58852AEA9A4420D3E0CC", "cmdb-ci-id": "CI ID as generated by ServiceNow CMDB", "data-classification": "confidential", "environment": "dev", "name": "sdge-dtdes-dev-wus2-s3-nla-dirty", "portfolio": "Portfolio associated with the application", "support-group": "agile-iac@sdge.com", "tag-version": "1"}, "timeouts": null, "versioning": [{"enabled": false, "mfa_delete": false}], "website": [], "website_domain": null, "website_endpoint": null}
resource:  module.s3.module.ccc_maciefindings_bucket.module.s3-bucket.aws_s3_bucket.this[0] ; config values:  {"acceleration_status": "", "acl": null, "arn": "arn:aws:s3:::sdge-dtdes-dev-wus2-s3-nla-macie-findings", "bucket": "sdge-dtdes-dev-wus2-s3-nla-macie-findings", "bucket_domain_name": "sdge-dtdes-dev-wus2-s3-nla-macie-findings.s3.amazonaws.com", "bucket_prefix": null, "bucket_regional_domain_name": "sdge-dtdes-dev-wus2-s3-nla-macie-findings.s3.us-west-2.amazonaws.com", "cors_rule": [{"allowed_headers": ["*"], "allowed_methods": ["POST" "GET" "PUT"], "allowed_origins": ["*"], "expose_headers": [], "max_age_seconds": 0.000000}], "force_destroy": false, "grant": [{"id": "347d542cc5670fd1734dcee45d92271a02c4a3208eecf78c93a639979aaaa023", "permissions": ["FULL_CONTROL"], "type": "CanonicalUser", "uri": ""}], "hosted_zone_id": "Z3BJ6K6RIION7M", "id": "sdge-dtdes-dev-wus2-s3-nla-macie-findings", "lifecycle_rule": [], "logging": [], "object_lock_configuration": [], "object_lock_enabled": false, "policy": "{\"Id\":\"DenyHttpAccess\",\"Statement\":[{\"Action\":\"s3:*\",\"Condition\":{\"Bool\":{\"aws:SecureTransport\":\"false\"}},\"Effect\":\"Deny\",\"Principal\":\"*\",\"Resource\":[\"arn:aws:s3:::sdge-dtdes-dev-wus2-s3-nla-macie-findings\",\"arn:aws:s3:::sdge-dtdes-dev-wus2-s3-nla-macie-findings/*\"],\"Sid\":\"AllowSSLRequestsOnly\"}],\"Version\":\"2012-10-17\"}", "region": "us-west-2", "replication_configuration": [], "request_payer": "BucketOwner", "server_side_encryption_configuration": [{"rule": [{"apply_server_side_encryption_by_default": [{"kms_master_key_id": "", "sse_algorithm": "AES256"}], "bucket_key_enabled": false}]}], "tags": {"billing-guid": "3993843B8B8C58852AEA9A4420D3E0CC", "cmdb-ci-id": "CI ID as generated by ServiceNow CMDB", "data-classification": "confidential", "environment": "dev", "name": "sdge-dtdes-dev-wus2-s3-nla-macie-findings", "portfolio": "Portfolio associated with the application", "support-group": "agile-iac@sdge.com", "tag-version": "1"}, "tags_all": {"billing-guid": "3993843B8B8C58852AEA9A4420D3E0CC", "cmdb-ci-id": "CI ID as generated by ServiceNow CMDB", "data-classification": "confidential", "environment": "dev", "name": "sdge-dtdes-dev-wus2-s3-nla-macie-findings", "portfolio": "Portfolio associated with the application", "support-group": "agile-iac@sdge.com", "tag-version": "1"}, "timeouts": null, "versioning": [{"enabled": false, "mfa_delete": false}], "website": [], "website_domain": null, "website_endpoint": null}
resource:  module.s3.module.ccc_unrefined_call_data_bucket.module.s3-bucket.aws_s3_bucket.this[0] ; config values:  {"bucket": "sdge-dtdes-dev-wus2-s3-nla-unrefined", "bucket_prefix": null, "force_destroy": false, "object_lock_enabled": false, "tags": {"billing-guid": "3993843B8B8C58852AEA9A4420D3E0CC", "cmdb-ci-id": "CI ID as generated by ServiceNow CMDB", "data-classification": "confidential", "environment": "dev", "name": "sdge-dtdes-dev-wus2-s3-nla-unrefined", "portfolio": "Portfolio associated with the application", "support-group": "agile-iac@sdge.com", "tag-version": "1"}, "tags_all": {"billing-guid": "3993843B8B8C58852AEA9A4420D3E0CC", "cmdb-ci-id": "CI ID as generated by ServiceNow CMDB", "data-classification": "confidential", "environment": "dev", "name": "sdge-dtdes-dev-wus2-s3-nla-unrefined", "portfolio": "Portfolio associated with the application", "support-group": "agile-iac@sdge.com", "tag-version": "1"}, "timeouts": null}
resource:  module.s3.module.ccc_initial_bucket.module.s3-bucket.aws_s3_bucket.this[0] ; config values:  {"acceleration_status": "", "acl": null, "arn": "arn:aws:s3:::sdge-dtdes-dev-wus2-s3-nla-pii-transcription", "bucket": "sdge-dtdes-dev-wus2-s3-nla-pii-transcription", "bucket_domain_name": "sdge-dtdes-dev-wus2-s3-nla-pii-transcription.s3.amazonaws.com", "bucket_prefix": null, "bucket_regional_domain_name": "sdge-dtdes-dev-wus2-s3-nla-pii-transcription.s3.us-west-2.amazonaws.com", "cors_rule": [{"allowed_headers": ["*"], "allowed_methods": ["POST" "GET" "PUT"], "allowed_origins": ["*"], "expose_headers": [], "max_age_seconds": 0.000000}], "force_destroy": false, "grant": [{"id": "347d542cc5670fd1734dcee45d92271a02c4a3208eecf78c93a639979aaaa023", "permissions": ["FULL_CONTROL"], "type": "CanonicalUser", "uri": ""}], "hosted_zone_id": "Z3BJ6K6RIION7M", "id": "sdge-dtdes-dev-wus2-s3-nla-pii-transcription", "lifecycle_rule": [], "logging": [], "object_lock_configuration": [], "object_lock_enabled": false, "policy": "{\"Id\":\"DenyHttpAccess\",\"Statement\":[{\"Action\":\"s3:*\",\"Condition\":{\"Bool\":{\"aws:SecureTransport\":\"false\"}},\"Effect\":\"Deny\",\"Principal\":\"*\",\"Resource\":[\"arn:aws:s3:::sdge-dtdes-dev-wus2-s3-nla-pii-transcription\",\"arn:aws:s3:::sdge-dtdes-dev-wus2-s3-nla-pii-transcription/*\"],\"Sid\":\"AllowSSLRequestsOnly\"}],\"Version\":\"2012-10-17\"}", "region": "us-west-2", "replication_configuration": [], "request_payer": "BucketOwner", "server_side_encryption_configuration": [{"rule": [{"apply_server_side_encryption_by_default": [{"kms_master_key_id": "", "sse_algorithm": "AES256"}], "bucket_key_enabled": false}]}], "tags": {"billing-guid": "3993843B8B8C58852AEA9A4420D3E0CC", "cmdb-ci-id": "CI ID as generated by ServiceNow CMDB", "data-classification": "confidential", "environment": "dev", "name": "sdge-dtdes-dev-wus2-s3-nla-pii-transcription", "portfolio": "Portfolio associated with the application", "support-group": "agile-iac@sdge.com", "tag-version": "1"}, "tags_all": {"billing-guid": "3993843B8B8C58852AEA9A4420D3E0CC", "cmdb-ci-id": "CI ID as generated by ServiceNow CMDB", "data-classification": "confidential", "environment": "dev", "name": "sdge-dtdes-dev-wus2-s3-nla-pii-transcription", "portfolio": "Portfolio associated with the application", "support-group": "agile-iac@sdge.com", "tag-version": "1"}, "timeouts": null, "versioning": [{"enabled": false, "mfa_delete": false}], "website": [], "website_domain": null, "website_endpoint": null}
Buckets found:  8  Object lock enabled:  0

./aws-s3-object-lock-enabled.sentinel:34:1 - Rule "main"
  Value:
    false

## Policy 2: tf-sentinel-aws/aws-sns-encryption (advisory)

Result: false

Error message: ./aws-sns-encryption.sentinel:16:20: if condition must result in a boolean, got undefined

./aws-sns-encryption.sentinel:29:1 - Rule "main"
  Value:
    (error in evaluating rule)

## Policy 3: tf-sentinel-aws/aws-api-gateway-access-log-enabled (advisory)

Result: true

./aws-api-gateway-access-log-enabled.sentinel:27:1 - Rule "main"
  Value:
    true

## Policy 4: tf-sentinel-aws/aws-beanstalk-check-advisory (advisory)

Result: true

Print messages:

ListenerEnabled failed the policy check. It was not configured with the following values: true
Protocol failed the policy check. It was not configured with the following values: HTTPS
SSLCertificateArns failed the policy check. It was not configured with the following values: 
No Beanstalk Health configurations found.
No Beanstalk configurations found.

./aws-beanstalk-check-advisory.sentinel:106:1 - Rule "main"
  Value:
    true

## Policy 5: tf-sentinel-aws/aws-cloudfront-enforce-waf (advisory)

Result: true

./aws-cloudfront-enforce-waf.sentinel:31:1 - Rule "main"
  Value:
    true

## Policy 6: tf-sentinel-aws/aws-iam-check-policy-attachment (hard-mandatory)

Result: true

Print messages:

No IAM policy attachments found

./aws-iam-check-policy-attachment.sentinel:30:1 - Rule "main"
  Value:
    true

## Policy 7: tf-sentinel-aws/aws-lambda-check-public-access (advisory)

Result: true

Print messages:

function check_Lambda
function is_inline_policy_restricted
{"address": "module.lambda.module.ccc_transcribe_lambda.module.lambda_function.aws_lambda_function.this[0]", "depends_on": [], "deposed_key": "", "index": 0.000000, "mode": "managed", "module_address": "module.lambda.module.ccc_transcribe_lambda.module.lambda_function", "name": "this", "provider_name": "registry.terraform.io/hashicorp/aws", "tainted": false, "type": "aws_lambda_function", "values": {"architectures": ["x86_64"], "arn": "arn:aws:lambda:us-west-2:183095018968:function:sdge-dtdes-dev-wus2-lambda-transcribe", "code_signing_config_arn": "", "dead_letter_config": [], "description": "nla transcribe source files lambda", "environment": [{}], "ephemeral_storage": [{"size": 512.000000}], "file_system_config": [], "filename": null, "function_name": "sdge-dtdes-dev-wus2-lambda-transcribe", "handler": "run.lambda_handler", "id": "sdge-dtdes-dev-wus2-lambda-transcribe", "image_config": [], "image_uri": "", "invoke_arn": "arn:aws:apigateway:us-west-2:lambda:path/2015-03-31/functions/arn:aws:lambda:us-west-2:183095018968:function:sdge-dtdes-dev-wus2-lambda-transcribe/invocations", "kms_key_arn": "", "layers": [], "memory_size": 128.000000, "package_type": "Zip", "publish": true, "replace_security_groups_on_destroy": null, "replacement_security_group_ids": null, "reserved_concurrent_executions": -1.000000, "role": "arn:aws:iam::183095018968:role/sdge-dtdes-dev-wus2-iam-role-nla-transcribe", "runtime": "python3.8", "s3_bucket": "sdge-dtdes-dev-wus2-s3-tf-artifacts", "s3_key": "ccc-transcribe-lambda.zip", "s3_object_version": null, "signing_job_arn": "", "signing_profile_version_arn": "", "skip_destroy": false, "snap_start": [], "source_code_hash": "Q46MmnqV7gJekO5R6lGhQye8QozzeoS32jJRCpXF46Y=", "source_code_size": 7387.000000, "tags": {"billing-guid": "3993843B8B8C58852AEA9A4420D3E0CC", "cmdb-ci-id": "CI ID as generated by ServiceNow CMDB", "data-classification": "confidential", "environment": "dev", "name": "sdge-dtdes-dev-wus2-lambda-transcribe", "portfolio": "Portfolio associated with the application", "support-group": "agile-iac@sdge.com", "tag-version": "1"}, "tags_all": {"billing-guid": "3993843B8B8C58852AEA9A4420D3E0CC", "cmdb-ci-id": "CI ID as generated by ServiceNow CMDB", "data-classification": "confidential", "environment": "dev", "name": "sdge-dtdes-dev-wus2-lambda-transcribe", "portfolio": "Portfolio associated with the application", "support-group": "agile-iac@sdge.com", "tag-version": "1"}, "timeout": 3.000000, "timeouts": null, "tracing_config": [{"mode": "PassThrough"}], "vpc_config": []}}
is_restricted_principal, function_name:  sdge-dtdes-dev-wus2-lambda-transcribe
Principal:  s3.amazonaws.com ; Length:  16
Principal:  s3.amazonaws.com
function is_inline_policy_restricted
{"address": "module.lambda.module.ccc_notification_forwarder_lambda.module.lambda_function.aws_lambda_function.this[0]", "depends_on": [], "deposed_key": "", "index": 0.000000, "mode": "managed", "module_address": "module.lambda.module.ccc_notification_forwarder_lambda.module.lambda_function", "name": "this", "provider_name": "registry.terraform.io/hashicorp/aws", "tainted": false, "type": "aws_lambda_function", "values": {"architectures": ["x86_64"], "arn": "arn:aws:lambda:us-west-2:183095018968:function:sdge-dtdes-dev-wus2-lambda-notification-lambda", "code_signing_config_arn": "", "dead_letter_config": [], "description": "nla sns notification lambda", "environment": [], "ephemeral_storage": [{"size": 512.000000}], "file_system_config": [], "filename": null, "function_name": "sdge-dtdes-dev-wus2-lambda-notification-lambda", "handler": "run.lambda_handler", "id": "sdge-dtdes-dev-wus2-lambda-notification-lambda", "image_config": [], "image_uri": "", "invoke_arn": "arn:aws:apigateway:us-west-2:lambda:path/2015-03-31/functions/arn:aws:lambda:us-west-2:183095018968:function:sdge-dtdes-dev-wus2-lambda-notification-lambda/invocations", "layers": [], "memory_size": 128.000000, "package_type": "Zip", "publish": true, "replace_security_groups_on_destroy": null, "replacement_security_group_ids": null, "reserved_concurrent_executions": -1.000000, "role": "arn:aws:iam::183095018968:role/sdge-dtdes-dev-wus2-iam-role-nla-sns", "runtime": "python3.8", "s3_bucket": "sdge-dtdes-dev-wus2-s3-tf-artifacts", "s3_key": "ccc-notification-forwarder-lambda.zip", "s3_object_version": "", "signing_job_arn": "", "signing_profile_version_arn": "", "skip_destroy": false, "snap_start": [], "source_code_hash": "VEnbGjmagrv1KGrBitNZXUIVTsYVuDfazrSbBlBXT+Y=", "source_code_size": 475.000000, "tags": {"billing-guid": "3993843B8B8C58852AEA9A4420D3E0CC", "cmdb-ci-id": "CI ID as generated by ServiceNow CMDB", "data-classification": "confidential", "environment": "dev", "name": "sdge-dtdes-dev-wus2-notification", "portfolio": "Portfolio associated with the application", "support-group": "agile-iac@sdge.com", "tag-version": "1"}, "tags_all": {"billing-guid": "3993843B8B8C58852AEA9A4420D3E0CC", "cmdb-ci-id": "CI ID as generated by ServiceNow CMDB", "data-classification": "confidential", "environment": "dev", "name": "sdge-dtdes-dev-wus2-notification", "portfolio": "Portfolio associated with the application", "support-group": "agile-iac@sdge.com", "tag-version": "1"}, "timeout": 3.000000, "timeouts": null, "tracing_config": [{"mode": "PassThrough"}], "vpc_config": []}}
is_restricted_principal, function_name:  sdge-dtdes-dev-wus2-lambda-notification-lambda
Principal:  s3.amazonaws.com ; Length:  16
Principal:  s3.amazonaws.com ; Length:  16
function is_inline_policy_restricted
{"address": "module.lambda.module.ccc_audit_call_lambda.module.lambda_function.aws_lambda_function.this[0]", "depends_on": [], "deposed_key": "", "index": 0.000000, "mode": "managed", "module_address": "module.lambda.module.ccc_audit_call_lambda.module.lambda_function", "name": "this", "provider_name": "registry.terraform.io/hashicorp/aws", "tainted": false, "type": "aws_lambda_function", "values": {"architectures": ["x86_64"], "arn": "arn:aws:lambda:us-west-2:183095018968:function:sdge-dtdes-dev-wus2-lambda-audit-call-lambda", "code_signing_config_arn": "", "dead_letter_config": [], "description": "nla macie lambda", "environment": [], "ephemeral_storage": [{"size": 512.000000}], "file_system_config": [], "filename": null, "function_name": "sdge-dtdes-dev-wus2-lambda-audit-call-lambda", "handler": "run.lambda_handler", "id": "sdge-dtdes-dev-wus2-lambda-audit-call-lambda", "image_config": [], "image_uri": "", "invoke_arn": "arn:aws:apigateway:us-west-2:lambda:path/2015-03-31/functions/arn:aws:lambda:us-west-2:183095018968:function:sdge-dtdes-dev-wus2-lambda-audit-call-lambda/invocations", "kms_key_arn": "", "layers": [], "memory_size": 128.000000, "package_type": "Zip", "publish": true, "replace_security_groups_on_destroy": null, "replacement_security_group_ids": null, "reserved_concurrent_executions": -1.000000, "role": "arn:aws:iam::183095018968:role/sdge-dtdes-dev-wus2-iam-role-nla-audit-call", "runtime": "python3.8", "s3_bucket": "sdge-dtdes-dev-wus2-s3-tf-artifacts", "s3_key": "ccc-audit-call-lambda.zip", "s3_object_version": "", "signing_job_arn": "", "signing_profile_version_arn": "", "skip_destroy": false, "snap_start": [], "source_code_hash": "a3hje3+i2AgkiNbc92gq+W/lOEDFWqkw1FQO2gV+7RA=", "source_code_size": 158.000000, "tags": {"billing-guid": "3993843B8B8C58852AEA9A4420D3E0CC", "cmdb-ci-id": "CI ID as generated by ServiceNow CMDB", "data-classification": "confidential", "environment": "dev", "name": "sdge-dtdes-dev-wus2-audit-call", "portfolio": "Portfolio associated with the application", "support-group": "agile-iac@sdge.com", "tag-version": "1"}, "tags_all": {"billing-guid": "3993843B8B8C58852AEA9A4420D3E0CC", "cmdb-ci-id": "CI ID as generated by ServiceNow CMDB", "data-classification": "confidential", "environment": "dev", "name": "sdge-dtdes-dev-wus2-audit-call", "portfolio": "Portfolio associated with the application", "support-group": "agile-iac@sdge.com", "tag-version": "1"}, "timeout": 3.000000, "timeouts": null, "tracing_config": [{"mode": "PassThrough"}], "vpc_config": []}}
is_restricted_principal, function_name:  sdge-dtdes-dev-wus2-lambda-audit-call-lambda
Principal:  s3.amazonaws.com ; Length:  16
Principal:  s3.amazonaws.com ; Length:  16
function is_inline_policy_restricted
{"address": "module.lambda.module.ccc_macie_lambda.module.lambda_function.aws_lambda_function.this[0]", "depends_on": [], "deposed_key": "", "index": 0.000000, "mode": "managed", "module_address": "module.lambda.module.ccc_macie_lambda.module.lambda_function", "name": "this", "provider_name": "registry.terraform.io/hashicorp/aws", "tainted": false, "type": "aws_lambda_function", "values": {"architectures": ["x86_64"], "arn": "arn:aws:lambda:us-west-2:183095018968:function:sdge-dtdes-dev-wus2-lambda-macie-lambda", "code_signing_config_arn": "", "dead_letter_config": [], "description": "nla macie lambda", "environment": [{"variables": {"TARGET_BUCKETS_LIST": "sdge-dtdes-dev-wus2-s3-nla-cleaned"}}], "ephemeral_storage": [{"size": 512.000000}], "file_system_config": [], "filename": null, "function_name": "sdge-dtdes-dev-wus2-lambda-macie-lambda", "handler": "run.lambda_handler", "id": "sdge-dtdes-dev-wus2-lambda-macie-lambda", "image_config": [], "image_uri": "", "invoke_arn": "arn:aws:apigateway:us-west-2:lambda:path/2015-03-31/functions/arn:aws:lambda:us-west-2:183095018968:function:sdge-dtdes-dev-wus2-lambda-macie-lambda/invocations", "kms_key_arn": "", "layers": [], "memory_size": 128.000000, "package_type": "Zip", "publish": true, "replace_security_groups_on_destroy": null, "replacement_security_group_ids": null, "reserved_concurrent_executions": -1.000000, "role": "arn:aws:iam::183095018968:role/sdge-dtdes-dev-wus2-iam-role-nla-macie", "runtime": "python3.8", "s3_bucket": "sdge-dtdes-dev-wus2-s3-tf-artifacts", "s3_key": "ccc-macie-lambda.zip", "s3_object_version": "", "signing_job_arn": "", "signing_profile_version_arn": "", "skip_destroy": false, "snap_start": [], "source_code_hash": "w8/ku8uemt4x6i6GdLtb0FxgZLWUKEnGECahEya3Hws=", "source_code_size": 2368.000000, "tags": {"billing-guid": "3993843B8B8C58852AEA9A4420D3E0CC", "cmdb-ci-id": "CI ID as generated by ServiceNow CMDB", "data-classification": "confidential", "environment": "dev", "name": "sdge-dtdes-dev-wus2-macie", "portfolio": "Portfolio associated with the application", "support-group": "agile-iac@sdge.com", "tag-version": "1"}, "tags_all": {"billing-guid": "3993843B8B8C58852AEA9A4420D3E0CC", "cmdb-ci-id": "CI ID as generated by ServiceNow CMDB", "data-classification": "confidential", "environment": "dev", "name": "sdge-dtdes-dev-wus2-macie", "portfolio": "Portfolio associated with the application", "support-group": "agile-iac@sdge.com", "tag-version": "1"}, "timeout": 3.000000, "timeouts": null, "tracing_config": [{"mode": "PassThrough"}], "vpc_config": []}}
is_restricted_principal, function_name:  sdge-dtdes-dev-wus2-lambda-macie-lambda
Principal:  s3.amazonaws.com ; Length:  16
Principal:  s3.amazonaws.com ; Length:  16
function is_inline_policy_restricted
{"address": "module.lambda.module.ccc_comprehend_lambda.module.lambda_function.aws_lambda_function.this[0]", "depends_on": [], "deposed_key": "", "index": 0.000000, "mode": "managed", "module_address": "module.lambda.module.ccc_comprehend_lambda.module.lambda_function", "name": "this", "provider_name": "registry.terraform.io/hashicorp/aws", "tainted": false, "type": "aws_lambda_function", "values": {"architectures": ["x86_64"], "arn": "arn:aws:lambda:us-west-2:183095018968:function:sdge-dtdes-dev-wus2-lambda-comprehend-lambda", "code_signing_config_arn": "", "dead_letter_config": [], "description": "nla comprehend source files lambda", "environment": [{"variables": {"CLEANED_BUCKET_NAME": "sdge-dtdes-dev-wus2-s3-nla-cleaned"}}], "ephemeral_storage": [{"size": 512.000000}], "file_system_config": [], "filename": null, "function_name": "sdge-dtdes-dev-wus2-lambda-comprehend-lambda", "handler": "run.lambda_handler", "id": "sdge-dtdes-dev-wus2-lambda-comprehend-lambda", "image_config": [], "image_uri": "", "invoke_arn": "arn:aws:apigateway:us-west-2:lambda:path/2015-03-31/functions/arn:aws:lambda:us-west-2:183095018968:function:sdge-dtdes-dev-wus2-lambda-comprehend-lambda/invocations", "kms_key_arn": "", "layers": [], "memory_size": 128.000000, "package_type": "Zip", "publish": true, "replace_security_groups_on_destroy": null, "replacement_security_group_ids": null, "reserved_concurrent_executions": -1.000000, "role": "arn:aws:iam::183095018968:role/sdge-dtdes-dev-wus2-iam-role-nla-comprehend", "runtime": "python3.8", "s3_bucket": "sdge-dtdes-dev-wus2-s3-tf-artifacts", "s3_key": "ccc-comprehend-lambda.zip", "s3_object_version": "", "signing_job_arn": "", "signing_profile_version_arn": "", "skip_destroy": false, "snap_start": [], "source_code_hash": "4irTPW7L7epNXolXxvDBu7+G4aHXPC7oQjgABtwr/Ew=", "source_code_size": 8411.000000, "tags": {"billing-guid": "3993843B8B8C58852AEA9A4420D3E0CC", "cmdb-ci-id": "CI ID as generated by ServiceNow CMDB", "data-classification": "confidential", "environment": "dev", "name": "sdge-dtdes-dev-wus2-comprehend", "portfolio": "Portfolio associated with the application", "support-group": "agile-iac@sdge.com", "tag-version": "1"}, "tags_all": {"billing-guid": "3993843B8B8C58852AEA9A4420D3E0CC", "cmdb-ci-id": "CI ID as generated by ServiceNow CMDB", "data-classification": "confidential", "environment": "dev", "name": "sdge-dtdes-dev-wus2-comprehend", "portfolio": "Portfolio associated with the application", "support-group": "agile-iac@sdge.com", "tag-version": "1"}, "timeout": 3.000000, "timeouts": null, "tracing_config": [{"mode": "PassThrough"}], "vpc_config": []}}
is_restricted_principal, function_name:  sdge-dtdes-dev-wus2-lambda-comprehend-lambda
Principal:  s3.amazonaws.com ; Length:  16
Principal:  s3.amazonaws.com ; Length:  16
function is_inline_policy_restricted
{"address": "module.lambda.module.ccc_macie_scan_trigger_lambda.module.lambda_function.aws_lambda_function.this[0]", "depends_on": [], "deposed_key": "", "index": 0.000000, "mode": "managed", "module_address": "module.lambda.module.ccc_macie_scan_trigger_lambda.module.lambda_function", "name": "this", "provider_name": "registry.terraform.io/hashicorp/aws", "tainted": false, "type": "aws_lambda_function", "values": {"architectures": ["x86_64"], "arn": "arn:aws:lambda:us-west-2:183095018968:function:sdge-dtdes-dev-wus2-lambda-macie-scan-lambda", "code_signing_config_arn": "", "dead_letter_config": [], "description": "nla trigger of macie scan lambda", "environment": [{"variables": {"SCAN_BUCKET_NAME_VERIFIED": "sdge-dtdes-dev-wus2-s3-nla-cleaned"}}], "ephemeral_storage": [{"size": 512.000000}], "file_system_config": [], "filename": null, "function_name": "sdge-dtdes-dev-wus2-lambda-macie-scan-lambda", "handler": "run.lambda_handler", "id": "sdge-dtdes-dev-wus2-lambda-macie-scan-lambda", "image_config": [], "image_uri": "", "invoke_arn": "arn:aws:apigateway:us-west-2:lambda:path/2015-03-31/functions/arn:aws:lambda:us-west-2:183095018968:function:sdge-dtdes-dev-wus2-lambda-macie-scan-lambda/invocations", "kms_key_arn": "", "layers": [], "memory_size": 128.000000, "package_type": "Zip", "publish": true, "replace_security_groups_on_destroy": null, "replacement_security_group_ids": null, "reserved_concurrent_executions": -1.000000, "role": "arn:aws:iam::183095018968:role/sdge-dtdes-dev-wus2-iam-role-nla-trigger-macie", "runtime": "python3.8", "s3_bucket": "sdge-dtdes-dev-wus2-s3-tf-artifacts", "s3_key": "ccc-macie-scan-trigger-lambda.zip", "s3_object_version": "", "signing_job_arn": "", "signing_profile_version_arn": "", "skip_destroy": false, "snap_start": [], "source_code_hash": "kcoQrr6+aMlM3uz0n5z+rFpQpG0j30OOu4mASvQKPM8=", "source_code_size": 1272.000000, "tags": {"billing-guid": "3993843B8B8C58852AEA9A4420D3E0CC", "cmdb-ci-id": "CI ID as generated by ServiceNow CMDB", "data-classification": "confidential", "environment": "dev", "name": "sdge-dtdes-dev-wus2-macie-scan", "portfolio": "Portfolio associated with the application", "support-group": "agile-iac@sdge.com", "tag-version": "1"}, "tags_all": {"billing-guid": "3993843B8B8C58852AEA9A4420D3E0CC", "cmdb-ci-id": "CI ID as generated by ServiceNow CMDB", "data-classification": "confidential", "environment": "dev", "name": "sdge-dtdes-dev-wus2-macie-scan", "portfolio": "Portfolio associated with the application", "support-group": "agile-iac@sdge.com", "tag-version": "1"}, "timeout": 3.000000, "timeouts": null, "tracing_config": [{"mode": "PassThrough"}], "vpc_config": []}}
is_restricted_principal, function_name:  sdge-dtdes-dev-wus2-lambda-macie-scan-lambda
Principal:  s3.amazonaws.com ; Length:  16
Principal:  s3.amazonaws.com ; Length:  16
function is_inline_policy_restricted
{"address": "module.lambda.module.ccc_informational_macie_lambda.module.lambda_function.aws_lambda_function.this[0]", "depends_on": [], "deposed_key": "", "index": 0.000000, "mode": "managed", "module_address": "module.lambda.module.ccc_informational_macie_lambda.module.lambda_function", "name": "this", "provider_name": "registry.terraform.io/hashicorp/aws", "tainted": false, "type": "aws_lambda_function", "values": {"architectures": ["x86_64"], "arn": "arn:aws:lambda:us-west-2:183095018968:function:sdge-dtdes-dev-wus2-lambda-info-macie-lambda", "code_signing_config_arn": "", "dead_letter_config": [], "description": "nla transcribed data macie informational lambda", "environment": [{"variables": {"DESTINATION_BUCKET_NAME_DIRTY": "sdge-dtdes-dev-wus2-s3-nla-dirty", "DESTINATION_BUCKET_NAME_VERIFIED": "sdge-dtdes-dev-wus2-s3-nla-verified-clean"}}], "ephemeral_storage": [{"size": 512.000000}], "file_system_config": [], "filename": null, "function_name": "sdge-dtdes-dev-wus2-lambda-info-macie-lambda", "handler": "run.lambda_handler", "id": "sdge-dtdes-dev-wus2-lambda-info-macie-lambda", "image_config": [], "image_uri": "", "invoke_arn": "arn:aws:apigateway:us-west-2:lambda:path/2015-03-31/functions/arn:aws:lambda:us-west-2:183095018968:function:sdge-dtdes-dev-wus2-lambda-info-macie-lambda/invocations", "kms_key_arn": "", "layers": [], "memory_size": 128.000000, "package_type": "Zip", "publish": true, "replace_security_groups_on_destroy": null, "replacement_security_group_ids": null, "reserved_concurrent_executions": -1.000000, "role": "arn:aws:iam::183095018968:role/sdge-dtdes-dev-wus2-iam-role-nla-comprehend", "runtime": "python3.8", "s3_bucket": "sdge-dtdes-dev-wus2-s3-tf-artifacts", "s3_key": "ccc-informational-macie-lambda.zip", "s3_object_version": "", "signing_job_arn": "", "signing_profile_version_arn": "", "skip_destroy": false, "snap_start": [], "source_code_hash": "nFk3dHRLBzEXejP5svwklZRMVxSRxLFt7br4HH3LJYw=", "source_code_size": 2996.000000, "tags": {"billing-guid": "3993843B8B8C58852AEA9A4420D3E0CC", "cmdb-ci-id": "CI ID as generated by ServiceNow CMDB", "data-classification": "confidential", "environment": "dev", "name": "sdge-dtdes-dev-wus2-info-macie", "portfolio": "Portfolio associated with the application", "support-group": "agile-iac@sdge.com", "tag-version": "1"}, "tags_all": {"billing-guid": "3993843B8B8C58852AEA9A4420D3E0CC", "cmdb-ci-id": "CI ID as generated by ServiceNow CMDB", "data-classification": "confidential", "environment": "dev", "name": "sdge-dtdes-dev-wus2-info-macie", "portfolio": "Portfolio associated with the application", "support-group": "agile-iac@sdge.com", "tag-version": "1"}, "timeout": 3.000000, "timeouts": null, "tracing_config": [{"mode": "PassThrough"}], "vpc_config": []}}
is_restricted_principal, function_name:  sdge-dtdes-dev-wus2-lambda-info-macie-lambda
Principal:  s3.amazonaws.com ; Length:  16
Principal:  s3.amazonaws.com ; Length:  16

./aws-lambda-check-public-access.sentinel:50:1 - Rule "main"
  Value:
    true

## Policy 8: tf-sentinel-aws/aws-sg-check-inbound-rules (advisory)

Result: true

Print messages:

No inbound rules for 0.0.0.0/0 were found in security groups.

./aws-sg-check-inbound-rules.sentinel:33:1 - Rule "main"
  Value:
    true


================== Results for policy set: tf-sentinel-aws-v3 ==================

Sentinel Result: true

This result means that all Sentinel policies passed and the protected
behavior is allowed.

8 policies evaluated.

## Policy 1: tf-sentinel-aws-v3/enforce-mandatory-tags (advisory)

Result: false

Description:
  This policy uses the Sentinel tfplan/v2 import to require that  specified AWS resources have all mandatory tags

Print messages:

module.s3.module.ccc_piimetadata_bucket.module.s3-bucket.aws_s3_bucket.this[0] has tags {support-group: agile-iac@sdge.com, tag-version: 1, billing-guid: 3993843B8B8C58852AEA9A4420D3E0CC, cmdb-ci-id: CI ID as generated by ServiceNow CMDB, data-classification: confidential, environment: dev, name: sdge-dtdes-dev-wus2-s3-nla-pii-metadata, portfolio: Portfolio associated with the application} that is missing the required items [Name, ttl, owner, se-region, purpose, terraform] from the list: [Name, ttl, owner, se-region, purpose, terraform]
module.s3.module.ccc_maciefindings_bucket.module.s3-bucket.aws_s3_bucket.this[0] has tags {data-classification: confidential, environment: dev, name: sdge-dtdes-dev-wus2-s3-nla-macie-findings, portfolio: Portfolio associated with the application, support-group: agile-iac@sdge.com, tag-version: 1, billing-guid: 3993843B8B8C58852AEA9A4420D3E0CC, cmdb-ci-id: CI ID as generated by ServiceNow CMDB} that is missing the required items [Name, ttl, owner, se-region, purpose, terraform] from the list: [Name, ttl, owner, se-region, purpose, terraform]
module.s3.module.ccc_unrefined_call_data_bucket.module.s3-bucket.aws_s3_bucket.this[0] has tags {billing-guid: 3993843B8B8C58852AEA9A4420D3E0CC, cmdb-ci-id: CI ID as generated by ServiceNow CMDB, data-classification: confidential, environment: dev, name: sdge-dtdes-dev-wus2-s3-nla-unrefined, portfolio: Portfolio associated with the application, support-group: agile-iac@sdge.com, tag-version: 1} that is missing the required items [Name, ttl, owner, se-region, purpose, terraform] from the list: [Name, ttl, owner, se-region, purpose, terraform]
module.s3.module.ccc_athenaresults_bucket.module.s3-bucket.aws_s3_bucket.this[0] has tags {portfolio: Portfolio associated with the application, support-group: agile-iac@sdge.com, tag-version: 1, billing-guid: 3993843B8B8C58852AEA9A4420D3E0CC, cmdb-ci-id: CI ID as generated by ServiceNow CMDB, data-classification: confidential, environment: dev, name: sdge-dtdes-dev-wus2-s3-nla-athena-results} that is missing the required items [Name, ttl, owner, se-region, purpose, terraform] from the list: [Name, ttl, owner, se-region, purpose, terraform]
module.s3.module.ccc_dirty_bucket.module.s3-bucket.aws_s3_bucket.this[0] has tags {name: sdge-dtdes-dev-wus2-s3-nla-dirty, portfolio: Portfolio associated with the application, support-group: agile-iac@sdge.com, tag-version: 1, billing-guid: 3993843B8B8C58852AEA9A4420D3E0CC, cmdb-ci-id: CI ID as generated by ServiceNow CMDB, data-classification: confidential, environment: dev} that is missing the required items [Name, ttl, owner, se-region, purpose, terraform] from the list: [Name, ttl, owner, se-region, purpose, terraform]
module.s3.module.ccc_cleaned_bucket.module.s3-bucket.aws_s3_bucket.this[0] has tags {cmdb-ci-id: CI ID as generated by ServiceNow CMDB, data-classification: confidential, environment: dev, name: sdge-dtdes-dev-wus2-s3-nla-cleaned, portfolio: Portfolio associated with the application, support-group: agile-iac@sdge.com, tag-version: 1, billing-guid: 3993843B8B8C58852AEA9A4420D3E0CC} that is missing the required items [Name, ttl, owner, se-region, purpose, terraform] from the list: [Name, ttl, owner, se-region, purpose, terraform]
module.s3.module.ccc_initial_bucket.module.s3-bucket.aws_s3_bucket.this[0] has tags {support-group: agile-iac@sdge.com, tag-version: 1, billing-guid: 3993843B8B8C58852AEA9A4420D3E0CC, cmdb-ci-id: CI ID as generated by ServiceNow CMDB, data-classification: confidential, environment: dev, name: sdge-dtdes-dev-wus2-s3-nla-pii-transcription, portfolio: Portfolio associated with the application} that is missing the required items [Name, ttl, owner, se-region, purpose, terraform] from the list: [Name, ttl, owner, se-region, purpose, terraform]
module.s3.module.ccc_verified_clean_bucket.module.s3-bucket.aws_s3_bucket.this[0] has tags {environment: dev, name: sdge-dtdes-dev-wus2-s3-nla-verified-clean, portfolio: Portfolio associated with the application, support-group: agile-iac@sdge.com, tag-version: 1, billing-guid: 3993843B8B8C58852AEA9A4420D3E0CC, cmdb-ci-id: CI ID as generated by ServiceNow CMDB, data-classification: confidential} that is missing the required items [Name, ttl, owner, se-region, purpose, terraform] from the list: [Name, ttl, owner, se-region, purpose, terraform]

./enforce-mandatory-tags.sentinel:35:1 - Rule "main"
  Description:
    Main rule

  Value:
    false

## Policy 2: tf-sentinel-aws-v3/validate-beanstalk-health-report (advisory)

Result: true

Description:
  This policy uses the Sentinel tfplan/v2 import to require that  all beanstalk environments have enhanced health reporting enabled

./validate-beanstalk-health-report.sentinel:27:1 - Rule "main"
  Description:
    Main rule

  Value:
    true

## Policy 3: tf-sentinel-aws-v3/validate-beanstalk-https-listener (advisory)

Result: true

Description:
  This policy uses the Sentinel tfplan/v2 import to require that  all EC2 instances have instance types from an allowed list

./validate-beanstalk-https-listener.sentinel:34:1 - Rule "main"
  Description:
    Main rule

  Value:
    true

## Policy 4: tf-sentinel-aws-v3/validate-beanstalk-imdsv2 (advisory)

Result: true

Description:
  This policy uses the Sentinel tfplan/v2 import to require that  all beanstalk environments have IMDSV1 disabled.

./validate-beanstalk-imdsv2.sentinel:27:1 - Rule "main"
  Description:
    Main rule

  Value:
    true

## Policy 5: tf-sentinel-aws-v3/validate-beanstalk-update-level (hard-mandatory)

Result: true

Description:
  This policy uses the Sentinel tfplan/v2 import to require  Beanstalk to have updates enabled.

./validate-beanstalk-update-level.sentinel:42:1 - Rule "main"
  Description:
    Main rule

  Value:
    true

## Policy 6: tf-sentinel-aws-v3/validate-efs-encryption (advisory)

Result: true

Description:
  This policy uses the Sentinel tfplan/v2 import to require that  all EFS filesystem resources created to be encrypted at creation

./validate-efs-encryption.sentinel:19:1 - Rule "main"
  Value:
    true

## Policy 7: tf-sentinel-aws-v3/validate-rds-encryption (advisory)

Result: true

Description:
  This policy uses the Sentinel tfplan/v2 import to require that  All RDS resources have its storage encrypted

./validate-rds-encryption.sentinel:25:1 - Rule "main"
  Value:
    true

## Policy 8: tf-sentinel-aws-v3/validate-s3-bucket-encryption (hard-mandatory)

Result: true

Description:
  This policy uses the Sentinel tfplan/v2 import to require that  all S3 buckets have encryption enabled.

./validate-s3-bucket-encryption.sentinel:38:1 - Rule "main"
  Value:
    true


================== Results for policy set: tf-sentinel-global ==================

Sentinel Result: true

This result means that all Sentinel policies passed and the protected
behavior is allowed.

2 policies evaluated.

## Policy 1: tf-sentinel-global/global-check-app-team-module-usage (advisory)

Result: false

Description:
  This policy uses tfconfig/v2 and tfrun to verify that custom team modules  are only used by the team that created it

Error message: ./global-check-app-team-module-usage.sentinel:26:6: error calling function "unmarshal": invalid character 'D' looking for beginning of value

./global-check-app-team-module-usage.sentinel:43:1 - Rule "main"
  Value:
    (error in evaluating rule)

## Policy 2: tf-sentinel-global/global-check-tagging-standards (advisory)

Result: false

Error message: ./global-check-tagging-standards.sentinel:21:28: right operand for in must be list, map, or string, got null

./global-check-tagging-standards.sentinel:43:1 - Rule "main"
  Value:
    (error in evaluating rule)


